// !$*UTF8*$!
{
	archiveVersion = 1;
	classes = {
	};
	objectVersion = 46;
	objects = {

/* Begin PBXBuildFile section */
		480392A61E928C4B008CF992 /* UILabel+Binding.swift in Sources */ = {isa = PBXBuildFile; fileRef = 480392A51E928C4B008CF992 /* UILabel+Binding.swift */; };
		480392A91E92916E008CF992 /* ApplicationServices.swift in Sources */ = {isa = PBXBuildFile; fileRef = 480392A81E92916E008CF992 /* ApplicationServices.swift */; };
		480392AC1E9292C0008CF992 /* String+QMobile.swift in Sources */ = {isa = PBXBuildFile; fileRef = 480392AB1E9292C0008CF992 /* String+QMobile.swift */; };
		480392AE1E92930A008CF992 /* UIBarButtonItem+BindTo.swift in Sources */ = {isa = PBXBuildFile; fileRef = 480392AD1E92930A008CF992 /* UIBarButtonItem+BindTo.swift */; };
		480392B61E929423008CF992 /* URL+QMobile.swift in Sources */ = {isa = PBXBuildFile; fileRef = 480392B51E929423008CF992 /* URL+QMobile.swift */; };
		480392B81E92944D008CF992 /* Collection+QMobile.swift in Sources */ = {isa = PBXBuildFile; fileRef = 480392B71E92944D008CF992 /* Collection+QMobile.swift */; };
		480392BD1E929524008CF992 /* QApplication.swift in Sources */ = {isa = PBXBuildFile; fileRef = 480392BC1E929524008CF992 /* QApplication.swift */; };
		480392BF1E929593008CF992 /* UIRefreshControl+QMobile.swift in Sources */ = {isa = PBXBuildFile; fileRef = 480392BE1E929593008CF992 /* UIRefreshControl+QMobile.swift */; };
		480392C11E929660008CF992 /* UIImageView+Binding.swift in Sources */ = {isa = PBXBuildFile; fileRef = 480392C01E929660008CF992 /* UIImageView+Binding.swift */; };
		480392C31E9298B3008CF992 /* UIImageView+Qmobile.swift in Sources */ = {isa = PBXBuildFile; fileRef = 480392C21E9298B3008CF992 /* UIImageView+Qmobile.swift */; };
		480392C51E929AAC008CF992 /* Dictionary+QMobile.swift in Sources */ = {isa = PBXBuildFile; fileRef = 480392C41E929AAC008CF992 /* Dictionary+QMobile.swift */; };
		480392C71E929DA3008CF992 /* DetailsFormTable.swift in Sources */ = {isa = PBXBuildFile; fileRef = 480392C61E929DA3008CF992 /* DetailsFormTable.swift */; };
		480392C91E92A03F008CF992 /* DataSourceSearchable.swift in Sources */ = {isa = PBXBuildFile; fileRef = 480392C81E92A03F008CF992 /* DataSourceSearchable.swift */; };
		480392CB1E92A181008CF992 /* NumberFormatter+QMobile.swift in Sources */ = {isa = PBXBuildFile; fileRef = 480392CA1E92A181008CF992 /* NumberFormatter+QMobile.swift */; };
		480392CD1E92A19E008CF992 /* DateFormatter+QMobile.swift in Sources */ = {isa = PBXBuildFile; fileRef = 480392CC1E92A19E008CF992 /* DateFormatter+QMobile.swift */; };
		4807DD3D1F67DF6B00DA924B /* ApplicationXCallbackURL.swift in Sources */ = {isa = PBXBuildFile; fileRef = 4807DD3C1F67DF6B00DA924B /* ApplicationXCallbackURL.swift */; };
		4807DD3F1F67DFA200DA924B /* CallbackURLKit.framework in Frameworks */ = {isa = PBXBuildFile; fileRef = 4807DD3E1F67DFA100DA924B /* CallbackURLKit.framework */; };
		480B434B1E8403C7007C90DD /* UIButton+BackgroundColors.swift in Sources */ = {isa = PBXBuildFile; fileRef = 480B434A1E8403C7007C90DD /* UIButton+BackgroundColors.swift */; };
		480B434F1E842198007C90DD /* UIScreen+QMobile.swift in Sources */ = {isa = PBXBuildFile; fileRef = 480B434E1E842198007C90DD /* UIScreen+QMobile.swift */; };
		480B43511E84225C007C90DD /* UISwitch+QMobile.swift in Sources */ = {isa = PBXBuildFile; fileRef = 480B43501E84225C007C90DD /* UISwitch+QMobile.swift */; };
		480B43531E842289007C90DD /* UIDevice+QMobile.swift in Sources */ = {isa = PBXBuildFile; fileRef = 480B43521E842289007C90DD /* UIDevice+QMobile.swift */; };
		480B43551E8423AD007C90DD /* UIAlertController+QMobile.swift in Sources */ = {isa = PBXBuildFile; fileRef = 480B43541E8423AD007C90DD /* UIAlertController+QMobile.swift */; };
		480B43571E842448007C90DD /* Platform.swift in Sources */ = {isa = PBXBuildFile; fileRef = 480B43561E842448007C90DD /* Platform.swift */; };
		480B43591E842546007C90DD /* CGRect+QMobile.swift in Sources */ = {isa = PBXBuildFile; fileRef = 480B43581E842546007C90DD /* CGRect+QMobile.swift */; };
		480B435B1E8425E3007C90DD /* UIStoryboard+QMobile.swift in Sources */ = {isa = PBXBuildFile; fileRef = 480B435A1E8425E3007C90DD /* UIStoryboard+QMobile.swift */; };
		480B435D1E842699007C90DD /* NSObject+QMobile.swift in Sources */ = {isa = PBXBuildFile; fileRef = 480B435C1E842699007C90DD /* NSObject+QMobile.swift */; };
		480B435F1E842EF9007C90DD /* UIViewCell.swift in Sources */ = {isa = PBXBuildFile; fileRef = 480B435E1E842EF9007C90DD /* UIViewCell.swift */; };
		48112D4C1E9FB53800A3A88C /* UIImage+QMobile.swift in Sources */ = {isa = PBXBuildFile; fileRef = 48112D4B1E9FB53800A3A88C /* UIImage+QMobile.swift */; };
		48112D501E9FB8CB00A3A88C /* IBAttributable.swift in Sources */ = {isa = PBXBuildFile; fileRef = 48112D4F1E9FB8CB00A3A88C /* IBAttributable.swift */; };
		481AF5F72029E70900D034C1 /* UITabBarController+QMobile.swift in Sources */ = {isa = PBXBuildFile; fileRef = 481AF5F62029E70900D034C1 /* UITabBarController+QMobile.swift */; };
		4826191620BFE05000226632 /* SwiftMessages.swift in Sources */ = {isa = PBXBuildFile; fileRef = 4826191520BFE05000226632 /* SwiftMessages.swift */; };
		4827B5D320FCE1C500570AC8 /* ApplicationFeedBack.swift in Sources */ = {isa = PBXBuildFile; fileRef = 4827B5D220FCE1C500570AC8 /* ApplicationFeedBack.swift */; };
		483FDA801E826C6F00FAF84B /* Temp.swift in Sources */ = {isa = PBXBuildFile; fileRef = 483FDA7F1E826C6F00FAF84B /* Temp.swift */; };
		483FDA831E826C9900FAF84B /* UIView+QMobile.swift in Sources */ = {isa = PBXBuildFile; fileRef = 483FDA821E826C9900FAF84B /* UIView+QMobile.swift */; };
		483FDA851E82745200FAF84B /* IndexPath+QMobile.swift in Sources */ = {isa = PBXBuildFile; fileRef = 483FDA841E82745200FAF84B /* IndexPath+QMobile.swift */; };
		483FDA871E82836700FAF84B /* UITableViewController+QMobile.swift in Sources */ = {isa = PBXBuildFile; fileRef = 483FDA861E82836700FAF84B /* UITableViewController+QMobile.swift */; };
		483FDA891E8283DA00FAF84B /* DetailsForm.swift in Sources */ = {isa = PBXBuildFile; fileRef = 483FDA881E8283DA00FAF84B /* DetailsForm.swift */; };
		483FDA8B1E82842000FAF84B /* DetailsFormBare.swift in Sources */ = {isa = PBXBuildFile; fileRef = 483FDA8A1E82842000FAF84B /* DetailsFormBare.swift */; };
		483FDA8D1E82851E00FAF84B /* DataSourceEntry.swift in Sources */ = {isa = PBXBuildFile; fileRef = 483FDA8C1E82851E00FAF84B /* DataSourceEntry.swift */; };
		483FDA8F1E82886D00FAF84B /* UIApplication+QMobile.swift in Sources */ = {isa = PBXBuildFile; fileRef = 483FDA8E1E82886D00FAF84B /* UIApplication+QMobile.swift */; };
		483FDA911E828AB900FAF84B /* UIViewController+QMobile.swift in Sources */ = {isa = PBXBuildFile; fileRef = 483FDA901E828AB900FAF84B /* UIViewController+QMobile.swift */; };
		483FDAB71E82DD0A00FAF84B /* DispatchQueue+QMobile.swift in Sources */ = {isa = PBXBuildFile; fileRef = 483FDAB61E82DD0A00FAF84B /* DispatchQueue+QMobile.swift */; };
		4846083620AF057A00EE4696 /* Timer+QMobile.swift in Sources */ = {isa = PBXBuildFile; fileRef = 4846083520AF057A00EE4696 /* Timer+QMobile.swift */; };
		4846083820AF070000EE4696 /* SpinerLayer.swift in Sources */ = {isa = PBXBuildFile; fileRef = 4846083720AF06FF00EE4696 /* SpinerLayer.swift */; };
		4846083C20AF07DD00EE4696 /* LoadingButton.swift in Sources */ = {isa = PBXBuildFile; fileRef = 4846083A20AF07DD00EE4696 /* LoadingButton.swift */; };
		4846083D20AF07DD00EE4696 /* FloatingLabelTextField.swift in Sources */ = {isa = PBXBuildFile; fileRef = 4846083B20AF07DD00EE4696 /* FloatingLabelTextField.swift */; };
		4846083F20AF07F600EE4696 /* CircleProgressBar.swift in Sources */ = {isa = PBXBuildFile; fileRef = 4846083E20AF07F600EE4696 /* CircleProgressBar.swift */; };
		4846084120AF07FB00EE4696 /* IconLabel.swift in Sources */ = {isa = PBXBuildFile; fileRef = 4846084020AF07FB00EE4696 /* IconLabel.swift */; };
		4859D94A1F82777100C8A020 /* IBAnimatable.framework in Frameworks */ = {isa = PBXBuildFile; fileRef = 4859D9491F82773600C8A020 /* IBAnimatable.framework */; };
		4859D95C1F827E6800C8A020 /* SettingsForm.swift in Sources */ = {isa = PBXBuildFile; fileRef = 4859D9581F827E6800C8A020 /* SettingsForm.swift */; };
		4859D95D1F827E6800C8A020 /* SettingsServerSectionFooter.swift in Sources */ = {isa = PBXBuildFile; fileRef = 4859D95A1F827E6800C8A020 /* SettingsServerSectionFooter.swift */; };
		4859D95E1F827E6800C8A020 /* SettingURLForm.swift in Sources */ = {isa = PBXBuildFile; fileRef = 4859D95B1F827E6800C8A020 /* SettingURLForm.swift */; };
		4859D9611F827FD200C8A020 /* DialogForm.swift in Sources */ = {isa = PBXBuildFile; fileRef = 4859D9551F827E4800C8A020 /* DialogForm.swift */; };
		48657A37203590A900000D45 /* UIButton+Binding.swift in Sources */ = {isa = PBXBuildFile; fileRef = 48657A36203590A900000D45 /* UIButton+Binding.swift */; };
		4867450C20221BD20029924D /* WebAreaForm.swift in Sources */ = {isa = PBXBuildFile; fileRef = 4867450B20221BD20029924D /* WebAreaForm.swift */; };
		486A0FAC20C91B07001A26D0 /* Storyboards.swift in Sources */ = {isa = PBXBuildFile; fileRef = 486A0FAB20C91B07001A26D0 /* Storyboards.swift */; };
		4872590A20528C23000D416B /* LoginForm.swift in Sources */ = {isa = PBXBuildFile; fileRef = 4872590920528C23000D416B /* LoginForm.swift */; };
		4872590C20528CAD000D416B /* LoginPasscodeForm.swift in Sources */ = {isa = PBXBuildFile; fileRef = 4872590B20528CAD000D416B /* LoginPasscodeForm.swift */; };
		4879495D20AC5264008876B8 /* SettingReloadCell.swift in Sources */ = {isa = PBXBuildFile; fileRef = 4879495C20AC5264008876B8 /* SettingReloadCell.swift */; };
		4879496120AC548F008876B8 /* ServerStatusManager.swift in Sources */ = {isa = PBXBuildFile; fileRef = 4879496020AC548F008876B8 /* ServerStatusManager.swift */; };
		4879496320AC5807008876B8 /* SettingURLCell.swift in Sources */ = {isa = PBXBuildFile; fileRef = 4879496220AC5807008876B8 /* SettingURLCell.swift */; };
		4879496C20AC6424008876B8 /* DataReloadManager.swift in Sources */ = {isa = PBXBuildFile; fileRef = 4879496B20AC6424008876B8 /* DataReloadManager.swift */; };
		4879496E20AC6991008876B8 /* SettingsDataSectionFooter.swift in Sources */ = {isa = PBXBuildFile; fileRef = 4879496D20AC6991008876B8 /* SettingsDataSectionFooter.swift */; };
		487DE2C41EA0AC8D005E385B /* ApplicationServicesTests.swift in Sources */ = {isa = PBXBuildFile; fileRef = 487DE2C31EA0AC8D005E385B /* ApplicationServicesTests.swift */; };
		487DE2C71EA0B3D3005E385B /* Array+QMobile.swift in Sources */ = {isa = PBXBuildFile; fileRef = 487DE2C51EA0B21A005E385B /* Array+QMobile.swift */; };
		487EC33E20AD83B500646B5B /* SettingLogOutCell.swift in Sources */ = {isa = PBXBuildFile; fileRef = 487EC33D20AD83B500646B5B /* SettingLogOutCell.swift */; };
		489322C01E815D6E007CD6F2 /* UIView+BindTo.swift in Sources */ = {isa = PBXBuildFile; fileRef = 48268C5D1E8136F8000F7719 /* UIView+BindTo.swift */; };
		489322C11E815D7A007CD6F2 /* Binder.swift in Sources */ = {isa = PBXBuildFile; fileRef = 48268C5B1E8136E9000F7719 /* Binder.swift */; };
		489B736B1FA1C1A1009E9AB5 /* ApplicationCrashManager.swift in Sources */ = {isa = PBXBuildFile; fileRef = 489B736A1FA1C1A1009E9AB5 /* ApplicationCrashManager.swift */; };
		489C15D41F3A18B7004844F3 /* ListForm+DataSync.swift in Sources */ = {isa = PBXBuildFile; fileRef = 489C15D31F3A18B7004844F3 /* ListForm+DataSync.swift */; };
		48A1E5E41FE13F7600C6E0B0 /* ApplicationUpdate.swift in Sources */ = {isa = PBXBuildFile; fileRef = 48A1E5E31FE13F7600C6E0B0 /* ApplicationUpdate.swift */; };
		48A1E5E61FE15CBB00C6E0B0 /* ApplicationService.swift in Sources */ = {isa = PBXBuildFile; fileRef = 48A1E5E51FE15CBB00C6E0B0 /* ApplicationService.swift */; };
		48A62CC61E9E2ED3002A76C2 /* StringTests.swift in Sources */ = {isa = PBXBuildFile; fileRef = 48A62CC41E9E27E8002A76C2 /* StringTests.swift */; };
		48A62CC91E9E486A002A76C2 /* Guitar.framework in Frameworks */ = {isa = PBXBuildFile; fileRef = 48A62CC81E9E486A002A76C2 /* Guitar.framework */; };
		48A62CCA1E9E486A002A76C2 /* Guitar.framework in Frameworks */ = {isa = PBXBuildFile; fileRef = 48A62CC81E9E486A002A76C2 /* Guitar.framework */; };
		48A62CCE1E9E6D2A002A76C2 /* QMobileDataStoreTests.xcdatamodeld in Sources */ = {isa = PBXBuildFile; fileRef = 48A62CCC1E9E6D2A002A76C2 /* QMobileDataStoreTests.xcdatamodeld */; };
		48A62CDC1E9E7684002A76C2 /* IndexPathTests.swift in Sources */ = {isa = PBXBuildFile; fileRef = 48A62CDB1E9E7684002A76C2 /* IndexPathTests.swift */; };
		48A62CDF1E9E78FD002A76C2 /* UIGestureRecognizer+QMobile.swift in Sources */ = {isa = PBXBuildFile; fileRef = 48A62CDD1E9E78C5002A76C2 /* UIGestureRecognizer+QMobile.swift */; };
		48A9CB2F20348B40007183B4 /* UINavigationController+QMobile.swift in Sources */ = {isa = PBXBuildFile; fileRef = 48A9CB2E20348B40007183B4 /* UINavigationController+QMobile.swift */; };
		48A9CB3420348C78007183B4 /* UIBar+QMobile.swift in Sources */ = {isa = PBXBuildFile; fileRef = 48A9CB3320348C78007183B4 /* UIBar+QMobile.swift */; };
		48AE2C5E1F455DD90013FDEE /* ApplicationDataSync.swift in Sources */ = {isa = PBXBuildFile; fileRef = 48AE2C5D1F455DD90013FDEE /* ApplicationDataSync.swift */; };
		48AE2C621F4577A40013FDEE /* BrightFutures.framework in Frameworks */ = {isa = PBXBuildFile; fileRef = 48AE2C611F4577A40013FDEE /* BrightFutures.framework */; };
		48AE2C631F4577A40013FDEE /* BrightFutures.framework in Frameworks */ = {isa = PBXBuildFile; fileRef = 48AE2C611F4577A40013FDEE /* BrightFutures.framework */; };
		48B2F0A01EA8AC9100F67871 /* UITableView+QMobile.swift in Sources */ = {isa = PBXBuildFile; fileRef = 48B2F09F1EA8AC9100F67871 /* UITableView+QMobile.swift */; };
		48D3F9901F7D178D00B96947 /* DetailsForm+DataSync.swift in Sources */ = {isa = PBXBuildFile; fileRef = 48D3F98F1F7D178D00B96947 /* DetailsForm+DataSync.swift */; };
		48D584631E7830E1006F56B5 /* QMobileUI.h in Headers */ = {isa = PBXBuildFile; fileRef = 48D584611E7830E1006F56B5 /* QMobileUI.h */; settings = {ATTRIBUTES = (Public, ); }; };
		48D584721E7831B2006F56B5 /* DataSourceTests.swift in Sources */ = {isa = PBXBuildFile; fileRef = 48D584711E7831B2006F56B5 /* DataSourceTests.swift */; };
		48D584741E7831B2006F56B5 /* QMobileUI.framework in Frameworks */ = {isa = PBXBuildFile; fileRef = 48D5845E1E7830E1006F56B5 /* QMobileUI.framework */; };
		48D584801E783447006F56B5 /* DataSource.swift in Sources */ = {isa = PBXBuildFile; fileRef = 48D5847A1E783447006F56B5 /* DataSource.swift */; };
		48D584811E783447006F56B5 /* DataSource+FetchedResultsControllerDelegate.swift in Sources */ = {isa = PBXBuildFile; fileRef = 48D5847B1E783447006F56B5 /* DataSource+FetchedResultsControllerDelegate.swift */; };
		48D584821E783447006F56B5 /* DataSource+UICollectionViewDataSource.swift in Sources */ = {isa = PBXBuildFile; fileRef = 48D5847C1E783447006F56B5 /* DataSource+UICollectionViewDataSource.swift */; };
		48D584831E783447006F56B5 /* DataSource+UITableViewDataSource.swift in Sources */ = {isa = PBXBuildFile; fileRef = 48D5847D1E783447006F56B5 /* DataSource+UITableViewDataSource.swift */; };
		48D584841E783447006F56B5 /* DataSourceCollectionHeaderView.swift in Sources */ = {isa = PBXBuildFile; fileRef = 48D5847E1E783447006F56B5 /* DataSourceCollectionHeaderView.swift */; };
		48D584851E783447006F56B5 /* DataSourceDelegate.swift in Sources */ = {isa = PBXBuildFile; fileRef = 48D5847F1E783447006F56B5 /* DataSourceDelegate.swift */; };
		48E4726B20333373002194C7 /* ApplicationImageCache.swift in Sources */ = {isa = PBXBuildFile; fileRef = 48E4726A20333373002194C7 /* ApplicationImageCache.swift */; };
		48E49CEA1EB9CA70002B60AF /* ApplicationLogger.swift in Sources */ = {isa = PBXBuildFile; fileRef = 48E49CE41EB9CA70002B60AF /* ApplicationLogger.swift */; };
		48E49CEB1EB9CA70002B60AF /* ApplicationDataStore.swift in Sources */ = {isa = PBXBuildFile; fileRef = 48E49CE51EB9CA70002B60AF /* ApplicationDataStore.swift */; };
		48E49CEC1EB9CA70002B60AF /* ApplicationStepLogging.swift in Sources */ = {isa = PBXBuildFile; fileRef = 48E49CE61EB9CA70002B60AF /* ApplicationStepLogging.swift */; };
		48E49CEE1EB9CA70002B60AF /* ApplicationPreferences.swift in Sources */ = {isa = PBXBuildFile; fileRef = 48E49CE81EB9CA70002B60AF /* ApplicationPreferences.swift */; };
		48E49CEF1EB9CA70002B60AF /* ApplicationValueTransformers.swift in Sources */ = {isa = PBXBuildFile; fileRef = 48E49CE91EB9CA70002B60AF /* ApplicationValueTransformers.swift */; };
		48E49CF11EB9D28D002B60AF /* QMobileDataSync.framework in Frameworks */ = {isa = PBXBuildFile; fileRef = 48E49CF01EB9D28D002B60AF /* QMobileDataSync.framework */; };
		48E49CF21EB9D293002B60AF /* QMobileDataSync.framework in Frameworks */ = {isa = PBXBuildFile; fileRef = 48E49CF01EB9D28D002B60AF /* QMobileDataSync.framework */; };
		48E49CF41EB9D8B0002B60AF /* QMobileAPI.framework in Frameworks */ = {isa = PBXBuildFile; fileRef = 48E49CF31EB9D8B0002B60AF /* QMobileAPI.framework */; };
		48E49CF51EB9D8B0002B60AF /* QMobileAPI.framework in Frameworks */ = {isa = PBXBuildFile; fileRef = 48E49CF31EB9D8B0002B60AF /* QMobileAPI.framework */; };
		48E49CF81EB9DC33002B60AF /* Alamofire.framework in Frameworks */ = {isa = PBXBuildFile; fileRef = 48E49CF61EB9DC33002B60AF /* Alamofire.framework */; };
		48E49CF91EB9DC33002B60AF /* Alamofire.framework in Frameworks */ = {isa = PBXBuildFile; fileRef = 48E49CF61EB9DC33002B60AF /* Alamofire.framework */; };
		48E49CFA1EB9DC33002B60AF /* Moya.framework in Frameworks */ = {isa = PBXBuildFile; fileRef = 48E49CF71EB9DC33002B60AF /* Moya.framework */; };
		48E49CFB1EB9DC33002B60AF /* Moya.framework in Frameworks */ = {isa = PBXBuildFile; fileRef = 48E49CF71EB9DC33002B60AF /* Moya.framework */; };
		48E49CFD1EB9DC65002B60AF /* SwiftyJSON.framework in Frameworks */ = {isa = PBXBuildFile; fileRef = 48E49CFC1EB9DC65002B60AF /* SwiftyJSON.framework */; };
		48E49CFE1EB9DC65002B60AF /* SwiftyJSON.framework in Frameworks */ = {isa = PBXBuildFile; fileRef = 48E49CFC1EB9DC65002B60AF /* SwiftyJSON.framework */; };
		48E49D001EB9DC8A002B60AF /* ValueTransformerKit.framework in Frameworks */ = {isa = PBXBuildFile; fileRef = 48E49CFF1EB9DC8A002B60AF /* ValueTransformerKit.framework */; };
		48E49D011EB9DC8A002B60AF /* ValueTransformerKit.framework in Frameworks */ = {isa = PBXBuildFile; fileRef = 48E49CFF1EB9DC8A002B60AF /* ValueTransformerKit.framework */; };
		48E689FB20455586006A5987 /* ApplicationLaunchOptions.swift in Sources */ = {isa = PBXBuildFile; fileRef = 48E689FA20455586006A5987 /* ApplicationLaunchOptions.swift */; };
		48ED34FC1EAE01C900AF3188 /* DataSource+UIPageViewControllerDataSource.swift in Sources */ = {isa = PBXBuildFile; fileRef = 48ED34FB1EAE01C900AF3188 /* DataSource+UIPageViewControllerDataSource.swift */; };
		48EE077E1E7AED4200A8546E /* ListFormTable.swift in Sources */ = {isa = PBXBuildFile; fileRef = 48EE077D1E7AED4200A8546E /* ListFormTable.swift */; };
		48EE07801E7AED7100A8546E /* ListFormCollection.swift in Sources */ = {isa = PBXBuildFile; fileRef = 48EE077F1E7AED7100A8546E /* ListFormCollection.swift */; };
		48EE07861E7AEF1A00A8546E /* ListForm.swift in Sources */ = {isa = PBXBuildFile; fileRef = 48EE07851E7AEF1A00A8546E /* ListForm.swift */; };
		48F321DA20B3073900D39BAF /* ApplicationAuthenticate.swift in Sources */ = {isa = PBXBuildFile; fileRef = 48F321D920B3073900D39BAF /* ApplicationAuthenticate.swift */; };
		48F8DF292057F35E0087066F /* PasscodeField.swift in Sources */ = {isa = PBXBuildFile; fileRef = 48F8DF282057F35E0087066F /* PasscodeField.swift */; };
		48F8E2C21F7D0B23000080FB /* ServerStatus.swift in Sources */ = {isa = PBXBuildFile; fileRef = 48F8E2C11F7D0B23000080FB /* ServerStatus.swift */; };
		48F8E2C41F7D0EC1000080FB /* RawRepresentable+IndexSet.swift in Sources */ = {isa = PBXBuildFile; fileRef = 48F8E2C31F7D0EC1000080FB /* RawRepresentable+IndexSet.swift */; };
		48F8E2C61F7D0F00000080FB /* UIColor+Result.swift in Sources */ = {isa = PBXBuildFile; fileRef = 48F8E2C51F7D0F00000080FB /* UIColor+Result.swift */; };
		48F8E2C91F7D0F3E000080FB /* ServerStatus+Color.swift in Sources */ = {isa = PBXBuildFile; fileRef = 48F8E2C81F7D0F3E000080FB /* ServerStatus+Color.swift */; };
		48F8E2CB1F7D0FA2000080FB /* UITextInput+QMobile.swift in Sources */ = {isa = PBXBuildFile; fileRef = 48F8E2CA1F7D0FA2000080FB /* UITextInput+QMobile.swift */; };
		48F8E2CD1F7D0FB6000080FB /* UINibable.swift in Sources */ = {isa = PBXBuildFile; fileRef = 48F8E2CC1F7D0FB6000080FB /* UINibable.swift */; };
		48FB2CD51E93A22600F4F685 /* Kingfisher.framework in Frameworks */ = {isa = PBXBuildFile; fileRef = 48FB2CD21E93A22600F4F685 /* Kingfisher.framework */; };
		48FB2CD61E93A22600F4F685 /* Kingfisher.framework in Frameworks */ = {isa = PBXBuildFile; fileRef = 48FB2CD21E93A22600F4F685 /* Kingfisher.framework */; };
		48FB2CD71E93A22600F4F685 /* Prephirences.framework in Frameworks */ = {isa = PBXBuildFile; fileRef = 48FB2CD31E93A22600F4F685 /* Prephirences.framework */; };
		48FB2CD81E93A22600F4F685 /* Prephirences.framework in Frameworks */ = {isa = PBXBuildFile; fileRef = 48FB2CD31E93A22600F4F685 /* Prephirences.framework */; };
		48FB2CDC1E93A23900F4F685 /* Result.framework in Frameworks */ = {isa = PBXBuildFile; fileRef = 48FB2CDB1E93A23900F4F685 /* Result.framework */; };
		48FB2CDD1E93A23900F4F685 /* Result.framework in Frameworks */ = {isa = PBXBuildFile; fileRef = 48FB2CDB1E93A23900F4F685 /* Result.framework */; };
		48FB2CE01E93A25E00F4F685 /* ObjcExceptionBridging.framework in Frameworks */ = {isa = PBXBuildFile; fileRef = 48FB2CDE1E93A25E00F4F685 /* ObjcExceptionBridging.framework */; };
		48FB2CE11E93A25E00F4F685 /* ObjcExceptionBridging.framework in Frameworks */ = {isa = PBXBuildFile; fileRef = 48FB2CDE1E93A25E00F4F685 /* ObjcExceptionBridging.framework */; };
		48FB2CE21E93A25E00F4F685 /* XCGLogger.framework in Frameworks */ = {isa = PBXBuildFile; fileRef = 48FB2CDF1E93A25E00F4F685 /* XCGLogger.framework */; };
		48FB2CE31E93A25E00F4F685 /* XCGLogger.framework in Frameworks */ = {isa = PBXBuildFile; fileRef = 48FB2CDF1E93A25E00F4F685 /* XCGLogger.framework */; };
		48FB2CE51E93A27F00F4F685 /* QMobileDataStore.framework in Frameworks */ = {isa = PBXBuildFile; fileRef = 48FB2CE41E93A27F00F4F685 /* QMobileDataStore.framework */; };
		48FB2CE61E93A27F00F4F685 /* QMobileDataStore.framework in Frameworks */ = {isa = PBXBuildFile; fileRef = 48FB2CE41E93A27F00F4F685 /* QMobileDataStore.framework */; };
		FE655FFC20AD928B00B55336 /* Path+Zip.swift in Sources */ = {isa = PBXBuildFile; fileRef = FE655FFB20AD928900B55336 /* Path+Zip.swift */; };
		FE65600020AD95EF00B55336 /* ApplicationServerCrashAPI.swift in Sources */ = {isa = PBXBuildFile; fileRef = FE655FFF20AD95EF00B55336 /* ApplicationServerCrashAPI.swift */; };
/* End PBXBuildFile section */

/* Begin PBXContainerItemProxy section */
		48D584751E7831B2006F56B5 /* PBXContainerItemProxy */ = {
			isa = PBXContainerItemProxy;
			containerPortal = 48D584551E7830E1006F56B5 /* Project object */;
			proxyType = 1;
			remoteGlobalIDString = 48D5845D1E7830E1006F56B5;
			remoteInfo = QMobileUI;
		};
/* End PBXContainerItemProxy section */

/* Begin PBXFileReference section */
		480392A51E928C4B008CF992 /* UILabel+Binding.swift */ = {isa = PBXFileReference; fileEncoding = 4; lastKnownFileType = sourcecode.swift; path = "UILabel+Binding.swift"; sourceTree = "<group>"; };
		480392A81E92916E008CF992 /* ApplicationServices.swift */ = {isa = PBXFileReference; fileEncoding = 4; lastKnownFileType = sourcecode.swift; path = ApplicationServices.swift; sourceTree = "<group>"; };
		480392AB1E9292C0008CF992 /* String+QMobile.swift */ = {isa = PBXFileReference; fileEncoding = 4; lastKnownFileType = sourcecode.swift; path = "String+QMobile.swift"; sourceTree = "<group>"; };
		480392AD1E92930A008CF992 /* UIBarButtonItem+BindTo.swift */ = {isa = PBXFileReference; fileEncoding = 4; lastKnownFileType = sourcecode.swift; path = "UIBarButtonItem+BindTo.swift"; sourceTree = "<group>"; };
		480392B01E9293C4008CF992 /* CircleLayout.swift */ = {isa = PBXFileReference; fileEncoding = 4; lastKnownFileType = sourcecode.swift; path = CircleLayout.swift; sourceTree = "<group>"; };
		480392B21E9293E3008CF992 /* CoverFlowLayout.swift */ = {isa = PBXFileReference; fileEncoding = 4; lastKnownFileType = sourcecode.swift; path = CoverFlowLayout.swift; sourceTree = "<group>"; };
		480392B51E929423008CF992 /* URL+QMobile.swift */ = {isa = PBXFileReference; fileEncoding = 4; lastKnownFileType = sourcecode.swift; path = "URL+QMobile.swift"; sourceTree = "<group>"; };
		480392B71E92944D008CF992 /* Collection+QMobile.swift */ = {isa = PBXFileReference; fileEncoding = 4; lastKnownFileType = sourcecode.swift; path = "Collection+QMobile.swift"; sourceTree = "<group>"; };
		480392BC1E929524008CF992 /* QApplication.swift */ = {isa = PBXFileReference; fileEncoding = 4; lastKnownFileType = sourcecode.swift; path = QApplication.swift; sourceTree = "<group>"; };
		480392BE1E929593008CF992 /* UIRefreshControl+QMobile.swift */ = {isa = PBXFileReference; fileEncoding = 4; lastKnownFileType = sourcecode.swift; path = "UIRefreshControl+QMobile.swift"; sourceTree = "<group>"; };
		480392C01E929660008CF992 /* UIImageView+Binding.swift */ = {isa = PBXFileReference; fileEncoding = 4; lastKnownFileType = sourcecode.swift; path = "UIImageView+Binding.swift"; sourceTree = "<group>"; };
		480392C21E9298B3008CF992 /* UIImageView+Qmobile.swift */ = {isa = PBXFileReference; fileEncoding = 4; lastKnownFileType = sourcecode.swift; path = "UIImageView+Qmobile.swift"; sourceTree = "<group>"; };
		480392C41E929AAC008CF992 /* Dictionary+QMobile.swift */ = {isa = PBXFileReference; fileEncoding = 4; lastKnownFileType = sourcecode.swift; path = "Dictionary+QMobile.swift"; sourceTree = "<group>"; };
		480392C61E929DA3008CF992 /* DetailsFormTable.swift */ = {isa = PBXFileReference; fileEncoding = 4; lastKnownFileType = sourcecode.swift; path = DetailsFormTable.swift; sourceTree = "<group>"; };
		480392C81E92A03F008CF992 /* DataSourceSearchable.swift */ = {isa = PBXFileReference; fileEncoding = 4; lastKnownFileType = sourcecode.swift; path = DataSourceSearchable.swift; sourceTree = "<group>"; };
		480392CA1E92A181008CF992 /* NumberFormatter+QMobile.swift */ = {isa = PBXFileReference; fileEncoding = 4; lastKnownFileType = sourcecode.swift; path = "NumberFormatter+QMobile.swift"; sourceTree = "<group>"; };
		480392CC1E92A19E008CF992 /* DateFormatter+QMobile.swift */ = {isa = PBXFileReference; fileEncoding = 4; lastKnownFileType = sourcecode.swift; path = "DateFormatter+QMobile.swift"; sourceTree = "<group>"; };
		4807DD3C1F67DF6B00DA924B /* ApplicationXCallbackURL.swift */ = {isa = PBXFileReference; fileEncoding = 4; lastKnownFileType = sourcecode.swift; path = ApplicationXCallbackURL.swift; sourceTree = "<group>"; };
		4807DD3E1F67DFA100DA924B /* CallbackURLKit.framework */ = {isa = PBXFileReference; lastKnownFileType = wrapper.framework; name = CallbackURLKit.framework; path = Carthage/Build/iOS/CallbackURLKit.framework; sourceTree = "<group>"; };
		480B434A1E8403C7007C90DD /* UIButton+BackgroundColors.swift */ = {isa = PBXFileReference; fileEncoding = 4; lastKnownFileType = sourcecode.swift; path = "UIButton+BackgroundColors.swift"; sourceTree = "<group>"; };
		480B434E1E842198007C90DD /* UIScreen+QMobile.swift */ = {isa = PBXFileReference; fileEncoding = 4; lastKnownFileType = sourcecode.swift; path = "UIScreen+QMobile.swift"; sourceTree = "<group>"; };
		480B43501E84225C007C90DD /* UISwitch+QMobile.swift */ = {isa = PBXFileReference; fileEncoding = 4; lastKnownFileType = sourcecode.swift; path = "UISwitch+QMobile.swift"; sourceTree = "<group>"; };
		480B43521E842289007C90DD /* UIDevice+QMobile.swift */ = {isa = PBXFileReference; fileEncoding = 4; lastKnownFileType = sourcecode.swift; path = "UIDevice+QMobile.swift"; sourceTree = "<group>"; };
		480B43541E8423AD007C90DD /* UIAlertController+QMobile.swift */ = {isa = PBXFileReference; fileEncoding = 4; lastKnownFileType = sourcecode.swift; path = "UIAlertController+QMobile.swift"; sourceTree = "<group>"; };
		480B43561E842448007C90DD /* Platform.swift */ = {isa = PBXFileReference; fileEncoding = 4; lastKnownFileType = sourcecode.swift; path = Platform.swift; sourceTree = "<group>"; };
		480B43581E842546007C90DD /* CGRect+QMobile.swift */ = {isa = PBXFileReference; fileEncoding = 4; lastKnownFileType = sourcecode.swift; path = "CGRect+QMobile.swift"; sourceTree = "<group>"; };
		480B435A1E8425E3007C90DD /* UIStoryboard+QMobile.swift */ = {isa = PBXFileReference; fileEncoding = 4; lastKnownFileType = sourcecode.swift; path = "UIStoryboard+QMobile.swift"; sourceTree = "<group>"; };
		480B435C1E842699007C90DD /* NSObject+QMobile.swift */ = {isa = PBXFileReference; fileEncoding = 4; lastKnownFileType = sourcecode.swift; path = "NSObject+QMobile.swift"; sourceTree = "<group>"; };
		480B435E1E842EF9007C90DD /* UIViewCell.swift */ = {isa = PBXFileReference; fileEncoding = 4; lastKnownFileType = sourcecode.swift; path = UIViewCell.swift; sourceTree = "<group>"; };
		48112D491E9FB11000A3A88C /* .slather.yml */ = {isa = PBXFileReference; fileEncoding = 4; lastKnownFileType = text; path = .slather.yml; sourceTree = "<group>"; };
		48112D4B1E9FB53800A3A88C /* UIImage+QMobile.swift */ = {isa = PBXFileReference; fileEncoding = 4; lastKnownFileType = sourcecode.swift; path = "UIImage+QMobile.swift"; sourceTree = "<group>"; };
		48112D4F1E9FB8CB00A3A88C /* IBAttributable.swift */ = {isa = PBXFileReference; fileEncoding = 4; lastKnownFileType = sourcecode.swift; path = IBAttributable.swift; sourceTree = "<group>"; };
		481AF5F62029E70900D034C1 /* UITabBarController+QMobile.swift */ = {isa = PBXFileReference; lastKnownFileType = sourcecode.swift; path = "UITabBarController+QMobile.swift"; sourceTree = "<group>"; };
		4826191520BFE05000226632 /* SwiftMessages.swift */ = {isa = PBXFileReference; lastKnownFileType = sourcecode.swift; path = SwiftMessages.swift; sourceTree = "<group>"; };
		48268C5B1E8136E9000F7719 /* Binder.swift */ = {isa = PBXFileReference; fileEncoding = 4; lastKnownFileType = sourcecode.swift; path = Binder.swift; sourceTree = "<group>"; };
		48268C5D1E8136F8000F7719 /* UIView+BindTo.swift */ = {isa = PBXFileReference; fileEncoding = 4; lastKnownFileType = sourcecode.swift; path = "UIView+BindTo.swift"; sourceTree = "<group>"; };
		4827B5D220FCE1C500570AC8 /* ApplicationFeedBack.swift */ = {isa = PBXFileReference; lastKnownFileType = sourcecode.swift; path = ApplicationFeedBack.swift; sourceTree = "<group>"; };
		483FDA7F1E826C6F00FAF84B /* Temp.swift */ = {isa = PBXFileReference; fileEncoding = 4; lastKnownFileType = sourcecode.swift; path = Temp.swift; sourceTree = "<group>"; };
		483FDA821E826C9900FAF84B /* UIView+QMobile.swift */ = {isa = PBXFileReference; fileEncoding = 4; lastKnownFileType = sourcecode.swift; path = "UIView+QMobile.swift"; sourceTree = "<group>"; };
		483FDA841E82745200FAF84B /* IndexPath+QMobile.swift */ = {isa = PBXFileReference; fileEncoding = 4; lastKnownFileType = sourcecode.swift; path = "IndexPath+QMobile.swift"; sourceTree = "<group>"; };
		483FDA861E82836700FAF84B /* UITableViewController+QMobile.swift */ = {isa = PBXFileReference; fileEncoding = 4; lastKnownFileType = sourcecode.swift; path = "UITableViewController+QMobile.swift"; sourceTree = "<group>"; };
		483FDA881E8283DA00FAF84B /* DetailsForm.swift */ = {isa = PBXFileReference; fileEncoding = 4; lastKnownFileType = sourcecode.swift; path = DetailsForm.swift; sourceTree = "<group>"; };
		483FDA8A1E82842000FAF84B /* DetailsFormBare.swift */ = {isa = PBXFileReference; fileEncoding = 4; lastKnownFileType = sourcecode.swift; path = DetailsFormBare.swift; sourceTree = "<group>"; };
		483FDA8C1E82851E00FAF84B /* DataSourceEntry.swift */ = {isa = PBXFileReference; fileEncoding = 4; lastKnownFileType = sourcecode.swift; name = DataSourceEntry.swift; path = Sources/DataSource/DataSourceEntry.swift; sourceTree = SOURCE_ROOT; };
		483FDA8E1E82886D00FAF84B /* UIApplication+QMobile.swift */ = {isa = PBXFileReference; fileEncoding = 4; lastKnownFileType = sourcecode.swift; path = "UIApplication+QMobile.swift"; sourceTree = "<group>"; };
		483FDA901E828AB900FAF84B /* UIViewController+QMobile.swift */ = {isa = PBXFileReference; fileEncoding = 4; lastKnownFileType = sourcecode.swift; path = "UIViewController+QMobile.swift"; sourceTree = "<group>"; };
		483FDAB61E82DD0A00FAF84B /* DispatchQueue+QMobile.swift */ = {isa = PBXFileReference; fileEncoding = 4; lastKnownFileType = sourcecode.swift; path = "DispatchQueue+QMobile.swift"; sourceTree = "<group>"; };
		4846083520AF057A00EE4696 /* Timer+QMobile.swift */ = {isa = PBXFileReference; lastKnownFileType = sourcecode.swift; path = "Timer+QMobile.swift"; sourceTree = "<group>"; };
		4846083720AF06FF00EE4696 /* SpinerLayer.swift */ = {isa = PBXFileReference; fileEncoding = 4; lastKnownFileType = sourcecode.swift; path = SpinerLayer.swift; sourceTree = "<group>"; };
		4846083A20AF07DD00EE4696 /* LoadingButton.swift */ = {isa = PBXFileReference; fileEncoding = 4; lastKnownFileType = sourcecode.swift; path = LoadingButton.swift; sourceTree = "<group>"; };
		4846083B20AF07DD00EE4696 /* FloatingLabelTextField.swift */ = {isa = PBXFileReference; fileEncoding = 4; lastKnownFileType = sourcecode.swift; path = FloatingLabelTextField.swift; sourceTree = "<group>"; };
		4846083E20AF07F600EE4696 /* CircleProgressBar.swift */ = {isa = PBXFileReference; fileEncoding = 4; lastKnownFileType = sourcecode.swift; path = CircleProgressBar.swift; sourceTree = "<group>"; };
		4846084020AF07FB00EE4696 /* IconLabel.swift */ = {isa = PBXFileReference; fileEncoding = 4; lastKnownFileType = sourcecode.swift; path = IconLabel.swift; sourceTree = "<group>"; };
		4859D9491F82773600C8A020 /* IBAnimatable.framework */ = {isa = PBXFileReference; lastKnownFileType = wrapper.framework; name = IBAnimatable.framework; path = Carthage/Build/iOS/IBAnimatable.framework; sourceTree = "<group>"; };
		4859D9551F827E4800C8A020 /* DialogForm.swift */ = {isa = PBXFileReference; lastKnownFileType = sourcecode.swift; path = DialogForm.swift; sourceTree = "<group>"; };
		4859D9581F827E6800C8A020 /* SettingsForm.swift */ = {isa = PBXFileReference; lastKnownFileType = sourcecode.swift; path = SettingsForm.swift; sourceTree = "<group>"; };
		4859D95A1F827E6800C8A020 /* SettingsServerSectionFooter.swift */ = {isa = PBXFileReference; lastKnownFileType = sourcecode.swift; path = SettingsServerSectionFooter.swift; sourceTree = "<group>"; };
		4859D95B1F827E6800C8A020 /* SettingURLForm.swift */ = {isa = PBXFileReference; lastKnownFileType = sourcecode.swift; path = SettingURLForm.swift; sourceTree = "<group>"; };
		485CCDB11E79781700CDB2B3 /* .swiftlint.yml */ = {isa = PBXFileReference; lastKnownFileType = text; path = .swiftlint.yml; sourceTree = "<group>"; };
		48657A36203590A900000D45 /* UIButton+Binding.swift */ = {isa = PBXFileReference; lastKnownFileType = sourcecode.swift; path = "UIButton+Binding.swift"; sourceTree = "<group>"; };
		4867450B20221BD20029924D /* WebAreaForm.swift */ = {isa = PBXFileReference; lastKnownFileType = sourcecode.swift; path = WebAreaForm.swift; sourceTree = "<group>"; };
		486A0FAB20C91B07001A26D0 /* Storyboards.swift */ = {isa = PBXFileReference; lastKnownFileType = sourcecode.swift; path = Storyboards.swift; sourceTree = "<group>"; };
		4872590920528C23000D416B /* LoginForm.swift */ = {isa = PBXFileReference; lastKnownFileType = sourcecode.swift; path = LoginForm.swift; sourceTree = "<group>"; };
		4872590B20528CAD000D416B /* LoginPasscodeForm.swift */ = {isa = PBXFileReference; lastKnownFileType = sourcecode.swift; path = LoginPasscodeForm.swift; sourceTree = "<group>"; };
		4879495C20AC5264008876B8 /* SettingReloadCell.swift */ = {isa = PBXFileReference; lastKnownFileType = sourcecode.swift; path = SettingReloadCell.swift; sourceTree = "<group>"; };
		4879496020AC548F008876B8 /* ServerStatusManager.swift */ = {isa = PBXFileReference; lastKnownFileType = sourcecode.swift; path = ServerStatusManager.swift; sourceTree = "<group>"; };
		4879496220AC5807008876B8 /* SettingURLCell.swift */ = {isa = PBXFileReference; lastKnownFileType = sourcecode.swift; path = SettingURLCell.swift; sourceTree = "<group>"; };
		4879496B20AC6424008876B8 /* DataReloadManager.swift */ = {isa = PBXFileReference; lastKnownFileType = sourcecode.swift; path = DataReloadManager.swift; sourceTree = "<group>"; };
		4879496D20AC6991008876B8 /* SettingsDataSectionFooter.swift */ = {isa = PBXFileReference; lastKnownFileType = sourcecode.swift; path = SettingsDataSectionFooter.swift; sourceTree = "<group>"; };
		487DE2C31EA0AC8D005E385B /* ApplicationServicesTests.swift */ = {isa = PBXFileReference; fileEncoding = 4; lastKnownFileType = sourcecode.swift; path = ApplicationServicesTests.swift; sourceTree = "<group>"; };
		487DE2C51EA0B21A005E385B /* Array+QMobile.swift */ = {isa = PBXFileReference; fileEncoding = 4; lastKnownFileType = sourcecode.swift; path = "Array+QMobile.swift"; sourceTree = "<group>"; };
		487EC33D20AD83B500646B5B /* SettingLogOutCell.swift */ = {isa = PBXFileReference; lastKnownFileType = sourcecode.swift; path = SettingLogOutCell.swift; sourceTree = "<group>"; };
		489B736A1FA1C1A1009E9AB5 /* ApplicationCrashManager.swift */ = {isa = PBXFileReference; lastKnownFileType = sourcecode.swift; path = ApplicationCrashManager.swift; sourceTree = "<group>"; };
		489C15D31F3A18B7004844F3 /* ListForm+DataSync.swift */ = {isa = PBXFileReference; fileEncoding = 4; lastKnownFileType = sourcecode.swift; path = "ListForm+DataSync.swift"; sourceTree = "<group>"; };
		48A1E5E31FE13F7600C6E0B0 /* ApplicationUpdate.swift */ = {isa = PBXFileReference; lastKnownFileType = sourcecode.swift; path = ApplicationUpdate.swift; sourceTree = "<group>"; };
		48A1E5E51FE15CBB00C6E0B0 /* ApplicationService.swift */ = {isa = PBXFileReference; lastKnownFileType = sourcecode.swift; path = ApplicationService.swift; sourceTree = "<group>"; };
		48A62CC41E9E27E8002A76C2 /* StringTests.swift */ = {isa = PBXFileReference; fileEncoding = 4; lastKnownFileType = sourcecode.swift; path = StringTests.swift; sourceTree = "<group>"; };
		48A62CC81E9E486A002A76C2 /* Guitar.framework */ = {isa = PBXFileReference; lastKnownFileType = wrapper.framework; name = Guitar.framework; path = Carthage/Build/iOS/Guitar.framework; sourceTree = "<group>"; };
		48A62CCD1E9E6D2A002A76C2 /* QMobileDataStoreTests.xcdatamodel */ = {isa = PBXFileReference; lastKnownFileType = wrapper.xcdatamodel; path = QMobileDataStoreTests.xcdatamodel; sourceTree = "<group>"; };
		48A62CDB1E9E7684002A76C2 /* IndexPathTests.swift */ = {isa = PBXFileReference; fileEncoding = 4; lastKnownFileType = sourcecode.swift; path = IndexPathTests.swift; sourceTree = "<group>"; };
		48A62CDD1E9E78C5002A76C2 /* UIGestureRecognizer+QMobile.swift */ = {isa = PBXFileReference; fileEncoding = 4; lastKnownFileType = sourcecode.swift; path = "UIGestureRecognizer+QMobile.swift"; sourceTree = "<group>"; };
		48A9CB2E20348B40007183B4 /* UINavigationController+QMobile.swift */ = {isa = PBXFileReference; lastKnownFileType = sourcecode.swift; path = "UINavigationController+QMobile.swift"; sourceTree = "<group>"; };
		48A9CB3320348C78007183B4 /* UIBar+QMobile.swift */ = {isa = PBXFileReference; lastKnownFileType = sourcecode.swift; path = "UIBar+QMobile.swift"; sourceTree = "<group>"; };
		48AE2C5D1F455DD90013FDEE /* ApplicationDataSync.swift */ = {isa = PBXFileReference; fileEncoding = 4; lastKnownFileType = sourcecode.swift; path = ApplicationDataSync.swift; sourceTree = "<group>"; };
		48AE2C5F1F45754D0013FDEE /* Cartfile */ = {isa = PBXFileReference; lastKnownFileType = text; path = Cartfile; sourceTree = "<group>"; };
		48AE2C601F4575590013FDEE /* Cartfile.resolved */ = {isa = PBXFileReference; lastKnownFileType = text; path = Cartfile.resolved; sourceTree = "<group>"; };
		48AE2C611F4577A40013FDEE /* BrightFutures.framework */ = {isa = PBXFileReference; lastKnownFileType = wrapper.framework; name = BrightFutures.framework; path = Carthage/Build/iOS/BrightFutures.framework; sourceTree = "<group>"; };
		48B267241FB30D3F00C79323 /* BioAuthenticator.swift */ = {isa = PBXFileReference; lastKnownFileType = sourcecode.swift; path = BioAuthenticator.swift; sourceTree = "<group>"; };
		48B2F09F1EA8AC9100F67871 /* UITableView+QMobile.swift */ = {isa = PBXFileReference; fileEncoding = 4; lastKnownFileType = sourcecode.swift; path = "UITableView+QMobile.swift"; sourceTree = "<group>"; };
		48D3F98F1F7D178D00B96947 /* DetailsForm+DataSync.swift */ = {isa = PBXFileReference; fileEncoding = 4; lastKnownFileType = sourcecode.swift; path = "DetailsForm+DataSync.swift"; sourceTree = "<group>"; };
		48D5845E1E7830E1006F56B5 /* QMobileUI.framework */ = {isa = PBXFileReference; explicitFileType = wrapper.framework; includeInIndex = 0; path = QMobileUI.framework; sourceTree = BUILT_PRODUCTS_DIR; };
		48D584611E7830E1006F56B5 /* QMobileUI.h */ = {isa = PBXFileReference; lastKnownFileType = sourcecode.c.h; path = QMobileUI.h; sourceTree = "<group>"; };
		48D584621E7830E1006F56B5 /* Info.plist */ = {isa = PBXFileReference; lastKnownFileType = text.plist.xml; path = Info.plist; sourceTree = "<group>"; };
		48D5846F1E7831B2006F56B5 /* Tests.xctest */ = {isa = PBXFileReference; explicitFileType = wrapper.cfbundle; includeInIndex = 0; path = Tests.xctest; sourceTree = BUILT_PRODUCTS_DIR; };
		48D584711E7831B2006F56B5 /* DataSourceTests.swift */ = {isa = PBXFileReference; lastKnownFileType = sourcecode.swift; path = DataSourceTests.swift; sourceTree = "<group>"; };
		48D584731E7831B2006F56B5 /* Info.plist */ = {isa = PBXFileReference; lastKnownFileType = text.plist.xml; path = Info.plist; sourceTree = "<group>"; };
		48D5847A1E783447006F56B5 /* DataSource.swift */ = {isa = PBXFileReference; fileEncoding = 4; lastKnownFileType = sourcecode.swift; path = DataSource.swift; sourceTree = "<group>"; };
		48D5847B1E783447006F56B5 /* DataSource+FetchedResultsControllerDelegate.swift */ = {isa = PBXFileReference; fileEncoding = 4; lastKnownFileType = sourcecode.swift; path = "DataSource+FetchedResultsControllerDelegate.swift"; sourceTree = "<group>"; };
		48D5847C1E783447006F56B5 /* DataSource+UICollectionViewDataSource.swift */ = {isa = PBXFileReference; fileEncoding = 4; lastKnownFileType = sourcecode.swift; path = "DataSource+UICollectionViewDataSource.swift"; sourceTree = "<group>"; };
		48D5847D1E783447006F56B5 /* DataSource+UITableViewDataSource.swift */ = {isa = PBXFileReference; fileEncoding = 4; lastKnownFileType = sourcecode.swift; path = "DataSource+UITableViewDataSource.swift"; sourceTree = "<group>"; };
		48D5847E1E783447006F56B5 /* DataSourceCollectionHeaderView.swift */ = {isa = PBXFileReference; fileEncoding = 4; lastKnownFileType = sourcecode.swift; path = DataSourceCollectionHeaderView.swift; sourceTree = "<group>"; };
		48D5847F1E783447006F56B5 /* DataSourceDelegate.swift */ = {isa = PBXFileReference; fileEncoding = 4; lastKnownFileType = sourcecode.swift; path = DataSourceDelegate.swift; sourceTree = "<group>"; };
		48E4726A20333373002194C7 /* ApplicationImageCache.swift */ = {isa = PBXFileReference; lastKnownFileType = sourcecode.swift; path = ApplicationImageCache.swift; sourceTree = "<group>"; };
		48E49CE41EB9CA70002B60AF /* ApplicationLogger.swift */ = {isa = PBXFileReference; fileEncoding = 4; lastKnownFileType = sourcecode.swift; path = ApplicationLogger.swift; sourceTree = "<group>"; };
		48E49CE51EB9CA70002B60AF /* ApplicationDataStore.swift */ = {isa = PBXFileReference; fileEncoding = 4; lastKnownFileType = sourcecode.swift; path = ApplicationDataStore.swift; sourceTree = "<group>"; };
		48E49CE61EB9CA70002B60AF /* ApplicationStepLogging.swift */ = {isa = PBXFileReference; fileEncoding = 4; lastKnownFileType = sourcecode.swift; path = ApplicationStepLogging.swift; sourceTree = "<group>"; };
		48E49CE81EB9CA70002B60AF /* ApplicationPreferences.swift */ = {isa = PBXFileReference; fileEncoding = 4; lastKnownFileType = sourcecode.swift; path = ApplicationPreferences.swift; sourceTree = "<group>"; };
		48E49CE91EB9CA70002B60AF /* ApplicationValueTransformers.swift */ = {isa = PBXFileReference; fileEncoding = 4; lastKnownFileType = sourcecode.swift; path = ApplicationValueTransformers.swift; sourceTree = "<group>"; };
		48E49CF01EB9D28D002B60AF /* QMobileDataSync.framework */ = {isa = PBXFileReference; lastKnownFileType = wrapper.framework; name = QMobileDataSync.framework; path = Carthage/Build/iOS/QMobileDataSync.framework; sourceTree = "<group>"; };
		48E49CF31EB9D8B0002B60AF /* QMobileAPI.framework */ = {isa = PBXFileReference; lastKnownFileType = wrapper.framework; name = QMobileAPI.framework; path = Carthage/Build/iOS/QMobileAPI.framework; sourceTree = "<group>"; };
		48E49CF61EB9DC33002B60AF /* Alamofire.framework */ = {isa = PBXFileReference; lastKnownFileType = wrapper.framework; name = Alamofire.framework; path = Carthage/Build/iOS/Alamofire.framework; sourceTree = "<group>"; };
		48E49CF71EB9DC33002B60AF /* Moya.framework */ = {isa = PBXFileReference; lastKnownFileType = wrapper.framework; name = Moya.framework; path = Carthage/Build/iOS/Moya.framework; sourceTree = "<group>"; };
		48E49CFC1EB9DC65002B60AF /* SwiftyJSON.framework */ = {isa = PBXFileReference; lastKnownFileType = wrapper.framework; name = SwiftyJSON.framework; path = Carthage/Build/iOS/SwiftyJSON.framework; sourceTree = "<group>"; };
		48E49CFF1EB9DC8A002B60AF /* ValueTransformerKit.framework */ = {isa = PBXFileReference; lastKnownFileType = wrapper.framework; name = ValueTransformerKit.framework; path = Carthage/Build/iOS/ValueTransformerKit.framework; sourceTree = "<group>"; };
		48E689FA20455586006A5987 /* ApplicationLaunchOptions.swift */ = {isa = PBXFileReference; lastKnownFileType = sourcecode.swift; path = ApplicationLaunchOptions.swift; sourceTree = "<group>"; };
		48ED34FB1EAE01C900AF3188 /* DataSource+UIPageViewControllerDataSource.swift */ = {isa = PBXFileReference; fileEncoding = 4; lastKnownFileType = sourcecode.swift; path = "DataSource+UIPageViewControllerDataSource.swift"; sourceTree = "<group>"; };
		48EE077D1E7AED4200A8546E /* ListFormTable.swift */ = {isa = PBXFileReference; fileEncoding = 4; lastKnownFileType = sourcecode.swift; path = ListFormTable.swift; sourceTree = "<group>"; };
		48EE077F1E7AED7100A8546E /* ListFormCollection.swift */ = {isa = PBXFileReference; fileEncoding = 4; lastKnownFileType = sourcecode.swift; path = ListFormCollection.swift; sourceTree = "<group>"; };
		48EE07851E7AEF1A00A8546E /* ListForm.swift */ = {isa = PBXFileReference; fileEncoding = 4; lastKnownFileType = sourcecode.swift; path = ListForm.swift; sourceTree = "<group>"; };
		48F321D920B3073900D39BAF /* ApplicationAuthenticate.swift */ = {isa = PBXFileReference; lastKnownFileType = sourcecode.swift; path = ApplicationAuthenticate.swift; sourceTree = "<group>"; };
		48F8DF282057F35E0087066F /* PasscodeField.swift */ = {isa = PBXFileReference; fileEncoding = 4; lastKnownFileType = sourcecode.swift; path = PasscodeField.swift; sourceTree = "<group>"; };
		48F8E2C11F7D0B23000080FB /* ServerStatus.swift */ = {isa = PBXFileReference; fileEncoding = 4; lastKnownFileType = sourcecode.swift; path = ServerStatus.swift; sourceTree = "<group>"; };
		48F8E2C31F7D0EC1000080FB /* RawRepresentable+IndexSet.swift */ = {isa = PBXFileReference; fileEncoding = 4; lastKnownFileType = sourcecode.swift; path = "RawRepresentable+IndexSet.swift"; sourceTree = "<group>"; };
		48F8E2C51F7D0F00000080FB /* UIColor+Result.swift */ = {isa = PBXFileReference; fileEncoding = 4; lastKnownFileType = sourcecode.swift; path = "UIColor+Result.swift"; sourceTree = "<group>"; };
		48F8E2C81F7D0F3E000080FB /* ServerStatus+Color.swift */ = {isa = PBXFileReference; fileEncoding = 4; lastKnownFileType = sourcecode.swift; path = "ServerStatus+Color.swift"; sourceTree = "<group>"; };
		48F8E2CA1F7D0FA2000080FB /* UITextInput+QMobile.swift */ = {isa = PBXFileReference; fileEncoding = 4; lastKnownFileType = sourcecode.swift; path = "UITextInput+QMobile.swift"; sourceTree = "<group>"; };
		48F8E2CC1F7D0FB6000080FB /* UINibable.swift */ = {isa = PBXFileReference; fileEncoding = 4; lastKnownFileType = sourcecode.swift; name = UINibable.swift; path = ../UINibable.swift; sourceTree = "<group>"; };
		48FB2CD21E93A22600F4F685 /* Kingfisher.framework */ = {isa = PBXFileReference; lastKnownFileType = wrapper.framework; name = Kingfisher.framework; path = Carthage/Build/iOS/Kingfisher.framework; sourceTree = "<group>"; };
		48FB2CD31E93A22600F4F685 /* Prephirences.framework */ = {isa = PBXFileReference; lastKnownFileType = wrapper.framework; name = Prephirences.framework; path = Carthage/Build/iOS/Prephirences.framework; sourceTree = "<group>"; };
		48FB2CDB1E93A23900F4F685 /* Result.framework */ = {isa = PBXFileReference; lastKnownFileType = wrapper.framework; name = Result.framework; path = Carthage/Build/iOS/Result.framework; sourceTree = "<group>"; };
		48FB2CDE1E93A25E00F4F685 /* ObjcExceptionBridging.framework */ = {isa = PBXFileReference; lastKnownFileType = wrapper.framework; name = ObjcExceptionBridging.framework; path = Carthage/Build/iOS/ObjcExceptionBridging.framework; sourceTree = "<group>"; };
		48FB2CDF1E93A25E00F4F685 /* XCGLogger.framework */ = {isa = PBXFileReference; lastKnownFileType = wrapper.framework; name = XCGLogger.framework; path = Carthage/Build/iOS/XCGLogger.framework; sourceTree = "<group>"; };
		48FB2CE41E93A27F00F4F685 /* QMobileDataStore.framework */ = {isa = PBXFileReference; lastKnownFileType = wrapper.framework; name = QMobileDataStore.framework; path = Carthage/Build/iOS/QMobileDataStore.framework; sourceTree = "<group>"; };
		FE655FFB20AD928900B55336 /* Path+Zip.swift */ = {isa = PBXFileReference; fileEncoding = 4; lastKnownFileType = sourcecode.swift; path = "Path+Zip.swift"; sourceTree = "<group>"; };
		FE655FFF20AD95EF00B55336 /* ApplicationServerCrashAPI.swift */ = {isa = PBXFileReference; fileEncoding = 4; lastKnownFileType = sourcecode.swift; path = ApplicationServerCrashAPI.swift; sourceTree = "<group>"; };
/* End PBXFileReference section */

/* Begin PBXFrameworksBuildPhase section */
		48D5845A1E7830E1006F56B5 /* Frameworks */ = {
			isa = PBXFrameworksBuildPhase;
			buildActionMask = 2147483647;
			files = (
				48E49CFD1EB9DC65002B60AF /* SwiftyJSON.framework in Frameworks */,
				4859D94A1F82777100C8A020 /* IBAnimatable.framework in Frameworks */,
				48A62CC91E9E486A002A76C2 /* Guitar.framework in Frameworks */,
				48FB2CE51E93A27F00F4F685 /* QMobileDataStore.framework in Frameworks */,
				48FB2CE21E93A25E00F4F685 /* XCGLogger.framework in Frameworks */,
				48E49CF41EB9D8B0002B60AF /* QMobileAPI.framework in Frameworks */,
				48AE2C621F4577A40013FDEE /* BrightFutures.framework in Frameworks */,
				48E49CFA1EB9DC33002B60AF /* Moya.framework in Frameworks */,
				48FB2CDC1E93A23900F4F685 /* Result.framework in Frameworks */,
				48E49CF11EB9D28D002B60AF /* QMobileDataSync.framework in Frameworks */,
				48E49D001EB9DC8A002B60AF /* ValueTransformerKit.framework in Frameworks */,
				48E49CF81EB9DC33002B60AF /* Alamofire.framework in Frameworks */,
				48FB2CD71E93A22600F4F685 /* Prephirences.framework in Frameworks */,
				4807DD3F1F67DFA200DA924B /* CallbackURLKit.framework in Frameworks */,
				48FB2CE01E93A25E00F4F685 /* ObjcExceptionBridging.framework in Frameworks */,
				48FB2CD51E93A22600F4F685 /* Kingfisher.framework in Frameworks */,
			);
			runOnlyForDeploymentPostprocessing = 0;
		};
		48D5846C1E7831B2006F56B5 /* Frameworks */ = {
			isa = PBXFrameworksBuildPhase;
			buildActionMask = 2147483647;
			files = (
				48A62CCA1E9E486A002A76C2 /* Guitar.framework in Frameworks */,
				48E49D011EB9DC8A002B60AF /* ValueTransformerKit.framework in Frameworks */,
				48FB2CD81E93A22600F4F685 /* Prephirences.framework in Frameworks */,
				48E49CF91EB9DC33002B60AF /* Alamofire.framework in Frameworks */,
				48FB2CE31E93A25E00F4F685 /* XCGLogger.framework in Frameworks */,
				48E49CF21EB9D293002B60AF /* QMobileDataSync.framework in Frameworks */,
				48AE2C631F4577A40013FDEE /* BrightFutures.framework in Frameworks */,
				48E49CF51EB9D8B0002B60AF /* QMobileAPI.framework in Frameworks */,
				48FB2CE61E93A27F00F4F685 /* QMobileDataStore.framework in Frameworks */,
				48E49CFB1EB9DC33002B60AF /* Moya.framework in Frameworks */,
				48FB2CD61E93A22600F4F685 /* Kingfisher.framework in Frameworks */,
				48FB2CE11E93A25E00F4F685 /* ObjcExceptionBridging.framework in Frameworks */,
				48FB2CDD1E93A23900F4F685 /* Result.framework in Frameworks */,
				48D584741E7831B2006F56B5 /* QMobileUI.framework in Frameworks */,
				48E49CFE1EB9DC65002B60AF /* SwiftyJSON.framework in Frameworks */,
			);
			runOnlyForDeploymentPostprocessing = 0;
		};
/* End PBXFrameworksBuildPhase section */

/* Begin PBXGroup section */
		480392A71E928C4F008CF992 /* Extensions */ = {
			isa = PBXGroup;
			children = (
				480392A51E928C4B008CF992 /* UILabel+Binding.swift */,
				480392C01E929660008CF992 /* UIImageView+Binding.swift */,
				48657A36203590A900000D45 /* UIButton+Binding.swift */,
			);
			name = Extensions;
			sourceTree = "<group>";
		};
		480392AA1E929171008CF992 /* Application */ = {
			isa = PBXGroup;
			children = (
				480392BC1E929524008CF992 /* QApplication.swift */,
				48A1E5E51FE15CBB00C6E0B0 /* ApplicationService.swift */,
				480392A81E92916E008CF992 /* ApplicationServices.swift */,
				48E49CE31EB9CA15002B60AF /* Services */,
			);
			path = Application;
			sourceTree = "<group>";
		};
		480392AF1E9293B3008CF992 /* [WIP] CollectionViewLayout */ = {
			isa = PBXGroup;
			children = (
				480392B01E9293C4008CF992 /* CircleLayout.swift */,
				480392B21E9293E3008CF992 /* CoverFlowLayout.swift */,
			);
			name = "[WIP] CollectionViewLayout";
			sourceTree = "<group>";
		};
		480392B41E929406008CF992 /* WIP */ = {
			isa = PBXGroup;
			children = (
				48B267231FB30D1C00C79323 /* Auth */,
				483FDA7F1E826C6F00FAF84B /* Temp.swift */,
				480392AF1E9293B3008CF992 /* [WIP] CollectionViewLayout */,
			);
			name = WIP;
			sourceTree = "<group>";
		};
		480392B91E92945F008CF992 /* Foundation */ = {
			isa = PBXGroup;
			children = (
				480B43561E842448007C90DD /* Platform.swift */,
				480B435C1E842699007C90DD /* NSObject+QMobile.swift */,
				480392B71E92944D008CF992 /* Collection+QMobile.swift */,
				483FDAB61E82DD0A00FAF84B /* DispatchQueue+QMobile.swift */,
				483FDA841E82745200FAF84B /* IndexPath+QMobile.swift */,
				480392AB1E9292C0008CF992 /* String+QMobile.swift */,
				480392B51E929423008CF992 /* URL+QMobile.swift */,
				480392CA1E92A181008CF992 /* NumberFormatter+QMobile.swift */,
				480392CC1E92A19E008CF992 /* DateFormatter+QMobile.swift */,
				480392C41E929AAC008CF992 /* Dictionary+QMobile.swift */,
				487DE2C51EA0B21A005E385B /* Array+QMobile.swift */,
				48F8E2C31F7D0EC1000080FB /* RawRepresentable+IndexSet.swift */,
				4846083520AF057A00EE4696 /* Timer+QMobile.swift */,
			);
			name = Foundation;
			sourceTree = "<group>";
		};
		480392BA1E9294F5008CF992 /* UIKit */ = {
			isa = PBXGroup;
			children = (
				48F8E2CC1F7D0FB6000080FB /* UINibable.swift */,
				48A9CB3020348BC9007183B4 /* Controller */,
				48A9CB3120348C08007183B4 /* View */,
				483FDA8E1E82886D00FAF84B /* UIApplication+QMobile.swift */,
				480B434E1E842198007C90DD /* UIScreen+QMobile.swift */,
				480B435A1E8425E3007C90DD /* UIStoryboard+QMobile.swift */,
				48F8E2CA1F7D0FA2000080FB /* UITextInput+QMobile.swift */,
				480B43521E842289007C90DD /* UIDevice+QMobile.swift */,
				48A62CDD1E9E78C5002A76C2 /* UIGestureRecognizer+QMobile.swift */,
				48112D4B1E9FB53800A3A88C /* UIImage+QMobile.swift */,
				48F8E2C51F7D0F00000080FB /* UIColor+Result.swift */,
				486A0FAB20C91B07001A26D0 /* Storyboards.swift */,
			);
			name = UIKit;
			sourceTree = "<group>";
		};
		480392BB1E9294FD008CF992 /* CoreGraphics */ = {
			isa = PBXGroup;
			children = (
				480B43581E842546007C90DD /* CGRect+QMobile.swift */,
			);
			name = CoreGraphics;
			sourceTree = "<group>";
		};
		480B6B721E7FD1C500D1E583 /* DetailsForm */ = {
			isa = PBXGroup;
			children = (
				483FDA881E8283DA00FAF84B /* DetailsForm.swift */,
				483FDA8A1E82842000FAF84B /* DetailsFormBare.swift */,
				480392C61E929DA3008CF992 /* DetailsFormTable.swift */,
				48D3F98F1F7D178D00B96947 /* DetailsForm+DataSync.swift */,
			);
			path = DetailsForm;
			sourceTree = "<group>";
		};
		4826191720BFE05C00226632 /* Frameworks */ = {
			isa = PBXGroup;
			children = (
				FE655FFB20AD928900B55336 /* Path+Zip.swift */,
				4826191520BFE05000226632 /* SwiftMessages.swift */,
			);
			name = Frameworks;
			sourceTree = "<group>";
		};
		48268C5A1E8136D1000F7719 /* Bind */ = {
			isa = PBXGroup;
			children = (
				480392A71E928C4F008CF992 /* Extensions */,
				48268C5B1E8136E9000F7719 /* Binder.swift */,
				48268C5D1E8136F8000F7719 /* UIView+BindTo.swift */,
				480392AD1E92930A008CF992 /* UIBarButtonItem+BindTo.swift */,
				48112D4F1E9FB8CB00A3A88C /* IBAttributable.swift */,
			);
			path = Bind;
			sourceTree = "<group>";
		};
		483FDA811E826C8A00FAF84B /* Extensions */ = {
			isa = PBXGroup;
			children = (
				4826191720BFE05C00226632 /* Frameworks */,
				480392BB1E9294FD008CF992 /* CoreGraphics */,
				480392B91E92945F008CF992 /* Foundation */,
				480392BA1E9294F5008CF992 /* UIKit */,
			);
			path = Extensions;
			sourceTree = "<group>";
		};
		4846083920AF07BE00EE4696 /* Views */ = {
			isa = PBXGroup;
			children = (
				4846084020AF07FB00EE4696 /* IconLabel.swift */,
				4846083E20AF07F600EE4696 /* CircleProgressBar.swift */,
				4846083B20AF07DD00EE4696 /* FloatingLabelTextField.swift */,
				4846083A20AF07DD00EE4696 /* LoadingButton.swift */,
				4846083720AF06FF00EE4696 /* SpinerLayer.swift */,
			);
			path = Views;
			sourceTree = "<group>";
		};
		4859D95F1F827E9100C8A020 /* server */ = {
			isa = PBXGroup;
			children = (
				4879496220AC5807008876B8 /* SettingURLCell.swift */,
				4859D95B1F827E6800C8A020 /* SettingURLForm.swift */,
				4859D95A1F827E6800C8A020 /* SettingsServerSectionFooter.swift */,
				4879495F20AC53EA008876B8 /* status */,
			);
			path = server;
			sourceTree = "<group>";
		};
		485CCDB01E7977FF00CDB2B3 /* Quality */ = {
			isa = PBXGroup;
			children = (
				485CCDB11E79781700CDB2B3 /* .swiftlint.yml */,
				48112D491E9FB11000A3A88C /* .slather.yml */,
			);
			name = Quality;
			sourceTree = "<group>";
		};
		4879495E20AC5272008876B8 /* data */ = {
			isa = PBXGroup;
			children = (
				4879495C20AC5264008876B8 /* SettingReloadCell.swift */,
				4879496B20AC6424008876B8 /* DataReloadManager.swift */,
				4879496D20AC6991008876B8 /* SettingsDataSectionFooter.swift */,
			);
			path = data;
			sourceTree = "<group>";
		};
		4879495F20AC53EA008876B8 /* status */ = {
			isa = PBXGroup;
			children = (
				48F8E2C11F7D0B23000080FB /* ServerStatus.swift */,
				48F8E2C81F7D0F3E000080FB /* ServerStatus+Color.swift */,
				4879496020AC548F008876B8 /* ServerStatusManager.swift */,
			);
			path = status;
			sourceTree = "<group>";
		};
		4879496820AC5E7B008876B8 /* account */ = {
			isa = PBXGroup;
			children = (
				487EC33D20AD83B500646B5B /* SettingLogOutCell.swift */,
			);
			path = account;
			sourceTree = "<group>";
		};
		48A9CB3020348BC9007183B4 /* Controller */ = {
			isa = PBXGroup;
			children = (
				483FDA901E828AB900FAF84B /* UIViewController+QMobile.swift */,
				483FDA861E82836700FAF84B /* UITableViewController+QMobile.swift */,
				48A9CB2E20348B40007183B4 /* UINavigationController+QMobile.swift */,
				481AF5F62029E70900D034C1 /* UITabBarController+QMobile.swift */,
				480B43541E8423AD007C90DD /* UIAlertController+QMobile.swift */,
			);
			name = Controller;
			sourceTree = "<group>";
		};
		48A9CB3120348C08007183B4 /* View */ = {
			isa = PBXGroup;
			children = (
				48A9CB3220348C2B007183B4 /* Control */,
				483FDA821E826C9900FAF84B /* UIView+QMobile.swift */,
				48B2F09F1EA8AC9100F67871 /* UITableView+QMobile.swift */,
				480392C21E9298B3008CF992 /* UIImageView+Qmobile.swift */,
				48A9CB3320348C78007183B4 /* UIBar+QMobile.swift */,
			);
			name = View;
			sourceTree = "<group>";
		};
		48A9CB3220348C2B007183B4 /* Control */ = {
			isa = PBXGroup;
			children = (
				480392BE1E929593008CF992 /* UIRefreshControl+QMobile.swift */,
				480B434A1E8403C7007C90DD /* UIButton+BackgroundColors.swift */,
				480B43501E84225C007C90DD /* UISwitch+QMobile.swift */,
			);
			name = Control;
			sourceTree = "<group>";
		};
		48B267231FB30D1C00C79323 /* Auth */ = {
			isa = PBXGroup;
			children = (
				48B267241FB30D3F00C79323 /* BioAuthenticator.swift */,
			);
			path = Auth;
			sourceTree = "<group>";
		};
		48D3F98E1F7D16E600B96947 /* iOS */ = {
			isa = PBXGroup;
			children = (
				4859D9491F82773600C8A020 /* IBAnimatable.framework */,
				4807DD3E1F67DFA100DA924B /* CallbackURLKit.framework */,
				48AE2C611F4577A40013FDEE /* BrightFutures.framework */,
				48E49CFF1EB9DC8A002B60AF /* ValueTransformerKit.framework */,
				48E49CFC1EB9DC65002B60AF /* SwiftyJSON.framework */,
				48E49CF61EB9DC33002B60AF /* Alamofire.framework */,
				48E49CF71EB9DC33002B60AF /* Moya.framework */,
				48E49CF31EB9D8B0002B60AF /* QMobileAPI.framework */,
				48E49CF01EB9D28D002B60AF /* QMobileDataSync.framework */,
				48A62CC81E9E486A002A76C2 /* Guitar.framework */,
				48FB2CE41E93A27F00F4F685 /* QMobileDataStore.framework */,
				48FB2CDE1E93A25E00F4F685 /* ObjcExceptionBridging.framework */,
				48FB2CDF1E93A25E00F4F685 /* XCGLogger.framework */,
				48FB2CDB1E93A23900F4F685 /* Result.framework */,
				48FB2CD21E93A22600F4F685 /* Kingfisher.framework */,
				48FB2CD31E93A22600F4F685 /* Prephirences.framework */,
			);
			name = iOS;
			sourceTree = "<group>";
		};
		48D584541E7830E1006F56B5 = {
			isa = PBXGroup;
			children = (
				48D584691E7830F9006F56B5 /* Sources */,
				48D5846A1E783169006F56B5 /* Xcode */,
				48D584701E7831B2006F56B5 /* Tests */,
				485CCDB01E7977FF00CDB2B3 /* Quality */,
				48D5845F1E7830E1006F56B5 /* Products */,
				57B8E23CC459C05AFF97D6F9 /* Frameworks */,
			);
			sourceTree = "<group>";
		};
		48D5845F1E7830E1006F56B5 /* Products */ = {
			isa = PBXGroup;
			children = (
				48D5845E1E7830E1006F56B5 /* QMobileUI.framework */,
				48D5846F1E7831B2006F56B5 /* Tests.xctest */,
			);
			name = Products;
			sourceTree = "<group>";
		};
		48D584601E7830E1006F56B5 /* iOS */ = {
			isa = PBXGroup;
			children = (
				48D584611E7830E1006F56B5 /* QMobileUI.h */,
				48D584621E7830E1006F56B5 /* Info.plist */,
			);
			path = iOS;
			sourceTree = "<group>";
		};
		48D584691E7830F9006F56B5 /* Sources */ = {
			isa = PBXGroup;
			children = (
				483FDA811E826C8A00FAF84B /* Extensions */,
				480392AA1E929171008CF992 /* Application */,
				48268C5A1E8136D1000F7719 /* Bind */,
				48EE07751E7ADEC000A8546E /* DataSource */,
				48EE07791E7AE98900A8546E /* Forms */,
				4846083920AF07BE00EE4696 /* Views */,
				480392B41E929406008CF992 /* WIP */,
			);
			path = Sources;
			sourceTree = "<group>";
		};
		48D5846A1E783169006F56B5 /* Xcode */ = {
			isa = PBXGroup;
			children = (
				48D584601E7830E1006F56B5 /* iOS */,
			);
			path = Xcode;
			sourceTree = "<group>";
		};
		48D584701E7831B2006F56B5 /* Tests */ = {
			isa = PBXGroup;
			children = (
				48D584731E7831B2006F56B5 /* Info.plist */,
				48A62CCC1E9E6D2A002A76C2 /* QMobileDataStoreTests.xcdatamodeld */,
				48D584711E7831B2006F56B5 /* DataSourceTests.swift */,
				48A62CC41E9E27E8002A76C2 /* StringTests.swift */,
				48A62CDB1E9E7684002A76C2 /* IndexPathTests.swift */,
				487DE2C31EA0AC8D005E385B /* ApplicationServicesTests.swift */,
			);
			path = Tests;
			sourceTree = "<group>";
		};
		48E49CE31EB9CA15002B60AF /* Services */ = {
			isa = PBXGroup;
			children = (
				48E49CE41EB9CA70002B60AF /* ApplicationLogger.swift */,
				4827B5D220FCE1C500570AC8 /* ApplicationFeedBack.swift */,
				48E49CE61EB9CA70002B60AF /* ApplicationStepLogging.swift */,
				489B736A1FA1C1A1009E9AB5 /* ApplicationCrashManager.swift */,
				FE655FFF20AD95EF00B55336 /* ApplicationServerCrashAPI.swift */,
				48E4726A20333373002194C7 /* ApplicationImageCache.swift */,
				48E49CE51EB9CA70002B60AF /* ApplicationDataStore.swift */,
				48AE2C5D1F455DD90013FDEE /* ApplicationDataSync.swift */,
				48E49CE81EB9CA70002B60AF /* ApplicationPreferences.swift */,
				48E49CE91EB9CA70002B60AF /* ApplicationValueTransformers.swift */,
				4807DD3C1F67DF6B00DA924B /* ApplicationXCallbackURL.swift */,
				48A1E5E31FE13F7600C6E0B0 /* ApplicationUpdate.swift */,
				48E689FA20455586006A5987 /* ApplicationLaunchOptions.swift */,
				48F321D920B3073900D39BAF /* ApplicationAuthenticate.swift */,
			);
			path = Services;
			sourceTree = "<group>";
		};
		48EE07751E7ADEC000A8546E /* DataSource */ = {
			isa = PBXGroup;
			children = (
				480B435E1E842EF9007C90DD /* UIViewCell.swift */,
				48D5847A1E783447006F56B5 /* DataSource.swift */,
				48D5847F1E783447006F56B5 /* DataSourceDelegate.swift */,
				48D5847B1E783447006F56B5 /* DataSource+FetchedResultsControllerDelegate.swift */,
				48D5847D1E783447006F56B5 /* DataSource+UITableViewDataSource.swift */,
				48D5847C1E783447006F56B5 /* DataSource+UICollectionViewDataSource.swift */,
				48D5847E1E783447006F56B5 /* DataSourceCollectionHeaderView.swift */,
				48ED34FB1EAE01C900AF3188 /* DataSource+UIPageViewControllerDataSource.swift */,
				483FDA8C1E82851E00FAF84B /* DataSourceEntry.swift */,
			);
			path = DataSource;
			sourceTree = "<group>";
		};
		48EE07791E7AE98900A8546E /* Forms */ = {
			isa = PBXGroup;
			children = (
				4859D9551F827E4800C8A020 /* DialogForm.swift */,
				4867450B20221BD20029924D /* WebAreaForm.swift */,
				48EE077B1E7AE9B500A8546E /* ListForm */,
				480B6B721E7FD1C500D1E583 /* DetailsForm */,
				48F8E2C01F7D0B07000080FB /* SettingsForm */,
				48EE077A1E7AE9A600A8546E /* LogInForm */,
			);
			path = Forms;
			sourceTree = "<group>";
		};
		48EE077A1E7AE9A600A8546E /* LogInForm */ = {
			isa = PBXGroup;
			children = (
				4872590920528C23000D416B /* LoginForm.swift */,
				4872590B20528CAD000D416B /* LoginPasscodeForm.swift */,
				48F8DF282057F35E0087066F /* PasscodeField.swift */,
			);
			path = LogInForm;
			sourceTree = "<group>";
		};
		48EE077B1E7AE9B500A8546E /* ListForm */ = {
			isa = PBXGroup;
			children = (
				48EE07851E7AEF1A00A8546E /* ListForm.swift */,
				48EE077D1E7AED4200A8546E /* ListFormTable.swift */,
				48EE077F1E7AED7100A8546E /* ListFormCollection.swift */,
				489C15D31F3A18B7004844F3 /* ListForm+DataSync.swift */,
				480392C81E92A03F008CF992 /* DataSourceSearchable.swift */,
			);
			path = ListForm;
			sourceTree = "<group>";
		};
		48F8E2C01F7D0B07000080FB /* SettingsForm */ = {
			isa = PBXGroup;
			children = (
				4859D9581F827E6800C8A020 /* SettingsForm.swift */,
				4859D95F1F827E9100C8A020 /* server */,
				4879495E20AC5272008876B8 /* data */,
				4879496820AC5E7B008876B8 /* account */,
			);
			path = SettingsForm;
			sourceTree = "<group>";
		};
		57B8E23CC459C05AFF97D6F9 /* Frameworks */ = {
			isa = PBXGroup;
			children = (
				48AE2C5F1F45754D0013FDEE /* Cartfile */,
				48AE2C601F4575590013FDEE /* Cartfile.resolved */,
				48D3F98E1F7D16E600B96947 /* iOS */,
			);
			name = Frameworks;
			sourceTree = "<group>";
		};
/* End PBXGroup section */

/* Begin PBXHeadersBuildPhase section */
		48D5845B1E7830E1006F56B5 /* Headers */ = {
			isa = PBXHeadersBuildPhase;
			buildActionMask = 2147483647;
			files = (
				48D584631E7830E1006F56B5 /* QMobileUI.h in Headers */,
			);
			runOnlyForDeploymentPostprocessing = 0;
		};
/* End PBXHeadersBuildPhase section */

/* Begin PBXLegacyTarget section */
		489C15C41F39AEAB004844F3 /* carthage update */ = {
			isa = PBXLegacyTarget;
			buildArgumentsString = "update --platform ios";
			buildConfigurationList = 489C15C71F39AEAB004844F3 /* Build configuration list for PBXLegacyTarget "carthage update" */;
			buildPhases = (
			);
			buildToolPath = /usr/local/bin/carthage;
			buildWorkingDirectory = "";
			dependencies = (
			);
			name = "carthage update";
			passBuildSettingsInEnvironment = 1;
			productName = "carthage update";
		};
		489C15C81F39AF78004844F3 /* jazzy */ = {
			isa = PBXLegacyTarget;
			buildArgumentsString = "";
			buildConfigurationList = 489C15C91F39AF78004844F3 /* Build configuration list for PBXLegacyTarget "jazzy" */;
			buildPhases = (
			);
			buildToolPath = /usr/local/bin/jazzy;
			buildWorkingDirectory = "";
			dependencies = (
			);
			name = jazzy;
			passBuildSettingsInEnvironment = 1;
			productName = jazzy;
		};
		48EE07811E7AEDAD00A8546E /* swiftlint autocorrect */ = {
			isa = PBXLegacyTarget;
			buildArgumentsString = autocorrect;
			buildConfigurationList = 48EE07821E7AEDAD00A8546E /* Build configuration list for PBXLegacyTarget "swiftlint autocorrect" */;
			buildPhases = (
			);
			buildToolPath = /usr/local/bin/swiftlint;
			buildWorkingDirectory = "";
			dependencies = (
			);
			name = "swiftlint autocorrect";
			passBuildSettingsInEnvironment = 1;
			productName = swiftlint;
		};
/* End PBXLegacyTarget section */

/* Begin PBXNativeTarget section */
		48D5845D1E7830E1006F56B5 /* QMobileUI */ = {
			isa = PBXNativeTarget;
			buildConfigurationList = 48D584661E7830E1006F56B5 /* Build configuration list for PBXNativeTarget "QMobileUI" */;
			buildPhases = (
				48AE2C5C1F455C850013FDEE /* swiftlint autocorrect */,
				48D584591E7830E1006F56B5 /* Sources */,
				48D5845A1E7830E1006F56B5 /* Frameworks */,
				48D5845B1E7830E1006F56B5 /* Headers */,
				48D5845C1E7830E1006F56B5 /* Resources */,
				485CCDAF1E796EBC00CDB2B3 /* swiftlint */,
			);
			buildRules = (
			);
			dependencies = (
			);
			name = QMobileUI;
			productName = QMobileUI;
			productReference = 48D5845E1E7830E1006F56B5 /* QMobileUI.framework */;
			productType = "com.apple.product-type.framework";
		};
		48D5846E1E7831B2006F56B5 /* Tests */ = {
			isa = PBXNativeTarget;
			buildConfigurationList = 48D584771E7831B2006F56B5 /* Build configuration list for PBXNativeTarget "Tests" */;
			buildPhases = (
				48D5846B1E7831B2006F56B5 /* Sources */,
				48D5846C1E7831B2006F56B5 /* Frameworks */,
				48D5846D1E7831B2006F56B5 /* Resources */,
				48A62CC71E9E30AE002A76C2 /* carthage */,
			);
			buildRules = (
			);
			dependencies = (
				48D584761E7831B2006F56B5 /* PBXTargetDependency */,
			);
			name = Tests;
			productName = QMobileUITests;
			productReference = 48D5846F1E7831B2006F56B5 /* Tests.xctest */;
			productType = "com.apple.product-type.bundle.unit-test";
		};
/* End PBXNativeTarget section */

/* Begin PBXProject section */
		48D584551E7830E1006F56B5 /* Project object */ = {
			isa = PBXProject;
			attributes = {
				LastSwiftUpdateCheck = 0830;
				LastUpgradeCheck = 0930;
				ORGANIZATIONNAME = "Eric Marchand";
				TargetAttributes = {
					489C15C41F39AEAB004844F3 = {
						CreatedOnToolsVersion = 8.3.3;
						DevelopmentTeam = 37UG5W39Z2;
						ProvisioningStyle = Automatic;
					};
					489C15C81F39AF78004844F3 = {
						CreatedOnToolsVersion = 8.3.3;
						DevelopmentTeam = 37UG5W39Z2;
						ProvisioningStyle = Automatic;
					};
					48D5845D1E7830E1006F56B5 = {
						CreatedOnToolsVersion = 8.2.1;
						LastSwiftMigration = 0910;
						ProvisioningStyle = Automatic;
					};
					48D5846E1E7831B2006F56B5 = {
						CreatedOnToolsVersion = 8.2.1;
						LastSwiftMigration = 0910;
						ProvisioningStyle = Automatic;
					};
					48EE07811E7AEDAD00A8546E = {
						CreatedOnToolsVersion = 8.2.1;
						ProvisioningStyle = Automatic;
					};
				};
			};
			buildConfigurationList = 48D584581E7830E1006F56B5 /* Build configuration list for PBXProject "QMobileUI" */;
			compatibilityVersion = "Xcode 3.2";
			developmentRegion = English;
			hasScannedForEncodings = 0;
			knownRegions = (
				en,
			);
			mainGroup = 48D584541E7830E1006F56B5;
			productRefGroup = 48D5845F1E7830E1006F56B5 /* Products */;
			projectDirPath = "";
			projectRoot = "";
			targets = (
				48D5845D1E7830E1006F56B5 /* QMobileUI */,
				48D5846E1E7831B2006F56B5 /* Tests */,
				48EE07811E7AEDAD00A8546E /* swiftlint autocorrect */,
				489C15C41F39AEAB004844F3 /* carthage update */,
				489C15C81F39AF78004844F3 /* jazzy */,
			);
		};
/* End PBXProject section */

/* Begin PBXResourcesBuildPhase section */
		48D5845C1E7830E1006F56B5 /* Resources */ = {
			isa = PBXResourcesBuildPhase;
			buildActionMask = 2147483647;
			files = (
			);
			runOnlyForDeploymentPostprocessing = 0;
		};
		48D5846D1E7831B2006F56B5 /* Resources */ = {
			isa = PBXResourcesBuildPhase;
			buildActionMask = 2147483647;
			files = (
			);
			runOnlyForDeploymentPostprocessing = 0;
		};
/* End PBXResourcesBuildPhase section */

/* Begin PBXShellScriptBuildPhase section */
		485CCDAF1E796EBC00CDB2B3 /* swiftlint */ = {
			isa = PBXShellScriptBuildPhase;
			buildActionMask = 2147483647;
			files = (
			);
			inputPaths = (
			);
			name = swiftlint;
			outputPaths = (
			);
			runOnlyForDeploymentPostprocessing = 0;
			shellPath = /bin/sh;
			shellScript = "if which swiftlint >/dev/null; then\nswiftlint\nelse\necho \"warning: SwiftLint not installed, download from https://github.com/realm/SwiftLint\"\nfi";
		};
		48A62CC71E9E30AE002A76C2 /* carthage */ = {
			isa = PBXShellScriptBuildPhase;
			buildActionMask = 2147483647;
			files = (
			);
			inputPaths = (
				"$(SRCROOT)/Carthage/Build/iOS/QMobileDataStore.framework",
				"$(SRCROOT)/Carthage/Build/iOS/ObjcExceptionBridging.framework",
				"$(SRCROOT)/Carthage/Build/iOS/Prephirences.framework",
				"$(SRCROOT)/Carthage/Build/iOS/Result.framework",
				"$(SRCROOT)/Carthage/Build/iOS/XCGLogger.framework",
				"$(SRCROOT)/Carthage/Build/iOS/Kingfisher.framework",
				"$(SRCROOT)/Carthage/Build/iOS/Guitar.framework",
				"$(SRCROOT)/Carthage/Build/iOS/QMobileDataSync.framework",
				"$(SRCROOT)/Carthage/Build/iOS/QMobileAPI.framework",
				"$(SRCROOT)/Carthage/Build/iOS/Moya.framework",
				"$(SRCROOT)/Carthage/Build/iOS/Alamofire.framework",
				"$(SRCROOT)/Carthage/Build/iOS/SwiftyJSON.framework",
				"$(SRCROOT)/Carthage/Build/iOS/ValueTransformerKit.framework",
				"$(SRCROOT)/Carthage/Build/iOS/BrightFutures.framework",
				"$(SRCROOT)/Carthage/Build/iOS/CallbackURLKit.framework",
				"$(SRCROOT)/Carthage/Build/iOS/DeviceKit.framework",
				"$(SRCROOT)/Carthage/Build/iOS/SwiftMessages.framework",
				"$(SRCROOT)/Carthage/Build/iOS/FileKit.framework",
				"$(SRCROOT)/Carthage/Build/iOS/IBAnimatable.framework",
				"$(SRCROOT)/Carthage/Build/iOS/ZIPFoundation.framework",
			);
			name = carthage;
			outputPaths = (
			);
			runOnlyForDeploymentPostprocessing = 0;
			shellPath = /bin/sh;
			shellScript = "/usr/local/bin/carthage copy-frameworks";
		};
		48AE2C5C1F455C850013FDEE /* swiftlint autocorrect */ = {
			isa = PBXShellScriptBuildPhase;
			buildActionMask = 2147483647;
			files = (
			);
			inputPaths = (
			);
			name = "swiftlint autocorrect";
			outputPaths = (
			);
			runOnlyForDeploymentPostprocessing = 0;
			shellPath = /bin/sh;
			shellScript = "if which swiftlint >/dev/null; then\nswiftlint autocorrect\nelse\necho \"warning: SwiftLint not installed, download from https://github.com/realm/SwiftLint\"\nfi";
		};
/* End PBXShellScriptBuildPhase section */

/* Begin PBXSourcesBuildPhase section */
		48D584591E7830E1006F56B5 /* Sources */ = {
			isa = PBXSourcesBuildPhase;
			buildActionMask = 2147483647;
			files = (
				4846083C20AF07DD00EE4696 /* LoadingButton.swift in Sources */,
				489C15D41F3A18B7004844F3 /* ListForm+DataSync.swift in Sources */,
				483FDA831E826C9900FAF84B /* UIView+QMobile.swift in Sources */,
				4859D95C1F827E6800C8A020 /* SettingsForm.swift in Sources */,
				48D584841E783447006F56B5 /* DataSourceCollectionHeaderView.swift in Sources */,
				4846084120AF07FB00EE4696 /* IconLabel.swift in Sources */,
				48D3F9901F7D178D00B96947 /* DetailsForm+DataSync.swift in Sources */,
				48EE077E1E7AED4200A8546E /* ListFormTable.swift in Sources */,
				4846083620AF057A00EE4696 /* Timer+QMobile.swift in Sources */,
				483FDA871E82836700FAF84B /* UITableViewController+QMobile.swift in Sources */,
				48AE2C5E1F455DD90013FDEE /* ApplicationDataSync.swift in Sources */,
				487EC33E20AD83B500646B5B /* SettingLogOutCell.swift in Sources */,
				480B435F1E842EF9007C90DD /* UIViewCell.swift in Sources */,
				483FDA891E8283DA00FAF84B /* DetailsForm.swift in Sources */,
				480392BD1E929524008CF992 /* QApplication.swift in Sources */,
				480392C71E929DA3008CF992 /* DetailsFormTable.swift in Sources */,
				480B43511E84225C007C90DD /* UISwitch+QMobile.swift in Sources */,
				483FDAB71E82DD0A00FAF84B /* DispatchQueue+QMobile.swift in Sources */,
				4879496320AC5807008876B8 /* SettingURLCell.swift in Sources */,
				48E49CEB1EB9CA70002B60AF /* ApplicationDataStore.swift in Sources */,
				48B2F0A01EA8AC9100F67871 /* UITableView+QMobile.swift in Sources */,
				48F8E2C61F7D0F00000080FB /* UIColor+Result.swift in Sources */,
				489322C01E815D6E007CD6F2 /* UIView+BindTo.swift in Sources */,
				FE65600020AD95EF00B55336 /* ApplicationServerCrashAPI.swift in Sources */,
				48E49CEC1EB9CA70002B60AF /* ApplicationStepLogging.swift in Sources */,
				48EE07861E7AEF1A00A8546E /* ListForm.swift in Sources */,
				48F8E2C21F7D0B23000080FB /* ServerStatus.swift in Sources */,
				480B435B1E8425E3007C90DD /* UIStoryboard+QMobile.swift in Sources */,
				480392A91E92916E008CF992 /* ApplicationServices.swift in Sources */,
				48E49CEF1EB9CA70002B60AF /* ApplicationValueTransformers.swift in Sources */,
				480B43571E842448007C90DD /* Platform.swift in Sources */,
				4826191620BFE05000226632 /* SwiftMessages.swift in Sources */,
				4859D95D1F827E6800C8A020 /* SettingsServerSectionFooter.swift in Sources */,
				4846083F20AF07F600EE4696 /* CircleProgressBar.swift in Sources */,
				48F8E2CD1F7D0FB6000080FB /* UINibable.swift in Sources */,
				48E49CEA1EB9CA70002B60AF /* ApplicationLogger.swift in Sources */,
				4872590C20528CAD000D416B /* LoginPasscodeForm.swift in Sources */,
				4879496C20AC6424008876B8 /* DataReloadManager.swift in Sources */,
				48F8E2C91F7D0F3E000080FB /* ServerStatus+Color.swift in Sources */,
				487DE2C71EA0B3D3005E385B /* Array+QMobile.swift in Sources */,
				48A1E5E61FE15CBB00C6E0B0 /* ApplicationService.swift in Sources */,
				48ED34FC1EAE01C900AF3188 /* DataSource+UIPageViewControllerDataSource.swift in Sources */,
				48D584851E783447006F56B5 /* DataSourceDelegate.swift in Sources */,
				48657A37203590A900000D45 /* UIButton+Binding.swift in Sources */,
				483FDA8F1E82886D00FAF84B /* UIApplication+QMobile.swift in Sources */,
				48A62CDF1E9E78FD002A76C2 /* UIGestureRecognizer+QMobile.swift in Sources */,
				4846083820AF070000EE4696 /* SpinerLayer.swift in Sources */,
				48A1E5E41FE13F7600C6E0B0 /* ApplicationUpdate.swift in Sources */,
				480392B61E929423008CF992 /* URL+QMobile.swift in Sources */,
				480392CB1E92A181008CF992 /* NumberFormatter+QMobile.swift in Sources */,
				48E689FB20455586006A5987 /* ApplicationLaunchOptions.swift in Sources */,
				4867450C20221BD20029924D /* WebAreaForm.swift in Sources */,
				48112D501E9FB8CB00A3A88C /* IBAttributable.swift in Sources */,
				480392B81E92944D008CF992 /* Collection+QMobile.swift in Sources */,
				48112D4C1E9FB53800A3A88C /* UIImage+QMobile.swift in Sources */,
				4846083D20AF07DD00EE4696 /* FloatingLabelTextField.swift in Sources */,
				483FDA911E828AB900FAF84B /* UIViewController+QMobile.swift in Sources */,
				489B736B1FA1C1A1009E9AB5 /* ApplicationCrashManager.swift in Sources */,
				4859D9611F827FD200C8A020 /* DialogForm.swift in Sources */,
				48A9CB2F20348B40007183B4 /* UINavigationController+QMobile.swift in Sources */,
				483FDA851E82745200FAF84B /* IndexPath+QMobile.swift in Sources */,
				48E49CEE1EB9CA70002B60AF /* ApplicationPreferences.swift in Sources */,
				48F8E2CB1F7D0FA2000080FB /* UITextInput+QMobile.swift in Sources */,
				4879495D20AC5264008876B8 /* SettingReloadCell.swift in Sources */,
				4872590A20528C23000D416B /* LoginForm.swift in Sources */,
				480B434F1E842198007C90DD /* UIScreen+QMobile.swift in Sources */,
				480B43591E842546007C90DD /* CGRect+QMobile.swift in Sources */,
				480392CD1E92A19E008CF992 /* DateFormatter+QMobile.swift in Sources */,
				FE655FFC20AD928B00B55336 /* Path+Zip.swift in Sources */,
				48A9CB3420348C78007183B4 /* UIBar+QMobile.swift in Sources */,
				48D584821E783447006F56B5 /* DataSource+UICollectionViewDataSource.swift in Sources */,
				480392AC1E9292C0008CF992 /* String+QMobile.swift in Sources */,
				48EE07801E7AED7100A8546E /* ListFormCollection.swift in Sources */,
				480392A61E928C4B008CF992 /* UILabel+Binding.swift in Sources */,
				48F8E2C41F7D0EC1000080FB /* RawRepresentable+IndexSet.swift in Sources */,
				483FDA8D1E82851E00FAF84B /* DataSourceEntry.swift in Sources */,
				480392BF1E929593008CF992 /* UIRefreshControl+QMobile.swift in Sources */,
				4879496E20AC6991008876B8 /* SettingsDataSectionFooter.swift in Sources */,
				480B43531E842289007C90DD /* UIDevice+QMobile.swift in Sources */,
				480392AE1E92930A008CF992 /* UIBarButtonItem+BindTo.swift in Sources */,
				48D584801E783447006F56B5 /* DataSource.swift in Sources */,
				48D584811E783447006F56B5 /* DataSource+FetchedResultsControllerDelegate.swift in Sources */,
				48E4726B20333373002194C7 /* ApplicationImageCache.swift in Sources */,
				4827B5D320FCE1C500570AC8 /* ApplicationFeedBack.swift in Sources */,
				48F321DA20B3073900D39BAF /* ApplicationAuthenticate.swift in Sources */,
				481AF5F72029E70900D034C1 /* UITabBarController+QMobile.swift in Sources */,
				4807DD3D1F67DF6B00DA924B /* ApplicationXCallbackURL.swift in Sources */,
				489322C11E815D7A007CD6F2 /* Binder.swift in Sources */,
				48F8DF292057F35E0087066F /* PasscodeField.swift in Sources */,
				4879496120AC548F008876B8 /* ServerStatusManager.swift in Sources */,
				480392C31E9298B3008CF992 /* UIImageView+Qmobile.swift in Sources */,
				48D584831E783447006F56B5 /* DataSource+UITableViewDataSource.swift in Sources */,
				483FDA801E826C6F00FAF84B /* Temp.swift in Sources */,
				486A0FAC20C91B07001A26D0 /* Storyboards.swift in Sources */,
				483FDA8B1E82842000FAF84B /* DetailsFormBare.swift in Sources */,
				480392C91E92A03F008CF992 /* DataSourceSearchable.swift in Sources */,
				4859D95E1F827E6800C8A020 /* SettingURLForm.swift in Sources */,
				480B43551E8423AD007C90DD /* UIAlertController+QMobile.swift in Sources */,
				480B434B1E8403C7007C90DD /* UIButton+BackgroundColors.swift in Sources */,
				480392C11E929660008CF992 /* UIImageView+Binding.swift in Sources */,
				480B435D1E842699007C90DD /* NSObject+QMobile.swift in Sources */,
				480392C51E929AAC008CF992 /* Dictionary+QMobile.swift in Sources */,
			);
			runOnlyForDeploymentPostprocessing = 0;
		};
		48D5846B1E7831B2006F56B5 /* Sources */ = {
			isa = PBXSourcesBuildPhase;
			buildActionMask = 2147483647;
			files = (
				48A62CC61E9E2ED3002A76C2 /* StringTests.swift in Sources */,
				48A62CCE1E9E6D2A002A76C2 /* QMobileDataStoreTests.xcdatamodeld in Sources */,
				48D584721E7831B2006F56B5 /* DataSourceTests.swift in Sources */,
				48A62CDC1E9E7684002A76C2 /* IndexPathTests.swift in Sources */,
				487DE2C41EA0AC8D005E385B /* ApplicationServicesTests.swift in Sources */,
			);
			runOnlyForDeploymentPostprocessing = 0;
		};
/* End PBXSourcesBuildPhase section */

/* Begin PBXTargetDependency section */
		48D584761E7831B2006F56B5 /* PBXTargetDependency */ = {
			isa = PBXTargetDependency;
			target = 48D5845D1E7830E1006F56B5 /* QMobileUI */;
			targetProxy = 48D584751E7831B2006F56B5 /* PBXContainerItemProxy */;
		};
/* End PBXTargetDependency section */

/* Begin XCBuildConfiguration section */
		489C15C51F39AEAB004844F3 /* Debug */ = {
			isa = XCBuildConfiguration;
			buildSettings = {
				CLANG_ANALYZER_NUMBER_OBJECT_CONVERSION = YES_AGGRESSIVE;
				DEBUGGING_SYMBOLS = YES;
				DEBUG_INFORMATION_FORMAT = dwarf;
				DEVELOPMENT_TEAM = 37UG5W39Z2;
				GCC_GENERATE_DEBUGGING_SYMBOLS = YES;
				GCC_OPTIMIZATION_LEVEL = 0;
				OTHER_CFLAGS = "";
				OTHER_LDFLAGS = "";
				PRODUCT_NAME = "$(TARGET_NAME)";
			};
			name = Debug;
		};
		489C15C61F39AEAB004844F3 /* Release */ = {
			isa = XCBuildConfiguration;
			buildSettings = {
				CLANG_ANALYZER_NUMBER_OBJECT_CONVERSION = YES_AGGRESSIVE;
				DEBUG_INFORMATION_FORMAT = "dwarf-with-dsym";
				DEVELOPMENT_TEAM = 37UG5W39Z2;
				OTHER_CFLAGS = "";
				OTHER_LDFLAGS = "";
				PRODUCT_NAME = "$(TARGET_NAME)";
			};
			name = Release;
		};
		489C15CA1F39AF78004844F3 /* Debug */ = {
			isa = XCBuildConfiguration;
			buildSettings = {
				CLANG_ANALYZER_NUMBER_OBJECT_CONVERSION = YES_AGGRESSIVE;
				DEBUGGING_SYMBOLS = YES;
				DEBUG_INFORMATION_FORMAT = dwarf;
				DEVELOPMENT_TEAM = 37UG5W39Z2;
				GCC_GENERATE_DEBUGGING_SYMBOLS = YES;
				GCC_OPTIMIZATION_LEVEL = 0;
				OTHER_CFLAGS = "";
				OTHER_LDFLAGS = "";
				PRODUCT_NAME = "$(TARGET_NAME)";
			};
			name = Debug;
		};
		489C15CB1F39AF78004844F3 /* Release */ = {
			isa = XCBuildConfiguration;
			buildSettings = {
				CLANG_ANALYZER_NUMBER_OBJECT_CONVERSION = YES_AGGRESSIVE;
				DEBUG_INFORMATION_FORMAT = "dwarf-with-dsym";
				DEVELOPMENT_TEAM = 37UG5W39Z2;
				OTHER_CFLAGS = "";
				OTHER_LDFLAGS = "";
				PRODUCT_NAME = "$(TARGET_NAME)";
			};
			name = Release;
		};
		48D584641E7830E1006F56B5 /* Debug */ = {
			isa = XCBuildConfiguration;
			buildSettings = {
				ALWAYS_SEARCH_USER_PATHS = NO;
				CLANG_ANALYZER_NONNULL = YES;
				CLANG_CXX_LANGUAGE_STANDARD = "gnu++0x";
				CLANG_CXX_LIBRARY = "libc++";
				CLANG_ENABLE_MODULES = YES;
				CLANG_ENABLE_OBJC_ARC = YES;
				CLANG_WARN_BLOCK_CAPTURE_AUTORELEASING = YES;
				CLANG_WARN_BOOL_CONVERSION = YES;
				CLANG_WARN_COMMA = YES;
				CLANG_WARN_CONSTANT_CONVERSION = YES;
				CLANG_WARN_DEPRECATED_OBJC_IMPLEMENTATIONS = YES;
				CLANG_WARN_DIRECT_OBJC_ISA_USAGE = YES_ERROR;
				CLANG_WARN_DOCUMENTATION_COMMENTS = YES;
				CLANG_WARN_EMPTY_BODY = YES;
				CLANG_WARN_ENUM_CONVERSION = YES;
				CLANG_WARN_INFINITE_RECURSION = YES;
				CLANG_WARN_INT_CONVERSION = YES;
				CLANG_WARN_NON_LITERAL_NULL_CONVERSION = YES;
				CLANG_WARN_OBJC_IMPLICIT_RETAIN_SELF = YES;
				CLANG_WARN_OBJC_LITERAL_CONVERSION = YES;
				CLANG_WARN_OBJC_ROOT_CLASS = YES_ERROR;
				CLANG_WARN_RANGE_LOOP_ANALYSIS = YES;
				CLANG_WARN_STRICT_PROTOTYPES = YES;
				CLANG_WARN_SUSPICIOUS_MOVE = YES;
				CLANG_WARN_UNREACHABLE_CODE = YES;
				CLANG_WARN__DUPLICATE_METHOD_MATCH = YES;
				"CODE_SIGN_IDENTITY[sdk=iphoneos*]" = "iPhone Developer";
				COPY_PHASE_STRIP = NO;
				CURRENT_PROJECT_VERSION = 1;
				DEBUG_INFORMATION_FORMAT = dwarf;
				ENABLE_STRICT_OBJC_MSGSEND = YES;
				ENABLE_TESTABILITY = YES;
				GCC_C_LANGUAGE_STANDARD = gnu99;
				GCC_DYNAMIC_NO_PIC = NO;
				GCC_NO_COMMON_BLOCKS = YES;
				GCC_OPTIMIZATION_LEVEL = 0;
				GCC_PREPROCESSOR_DEFINITIONS = (
					"DEBUG=1",
					"$(inherited)",
				);
				GCC_WARN_64_TO_32_BIT_CONVERSION = YES;
				GCC_WARN_ABOUT_RETURN_TYPE = YES_ERROR;
				GCC_WARN_UNDECLARED_SELECTOR = YES;
				GCC_WARN_UNINITIALIZED_AUTOS = YES_AGGRESSIVE;
				GCC_WARN_UNUSED_FUNCTION = YES;
				GCC_WARN_UNUSED_VARIABLE = YES;
				IPHONEOS_DEPLOYMENT_TARGET = 10.3;
				MTL_ENABLE_DEBUG_INFO = YES;
				ONLY_ACTIVE_ARCH = YES;
				SDKROOT = iphoneos;
				SWIFT_ACTIVE_COMPILATION_CONDITIONS = DEBUG;
				SWIFT_OPTIMIZATION_LEVEL = "-Onone";
				TARGETED_DEVICE_FAMILY = "1,2";
				VERSIONING_SYSTEM = "apple-generic";
				VERSION_INFO_PREFIX = "";
			};
			name = Debug;
		};
		48D584651E7830E1006F56B5 /* Release */ = {
			isa = XCBuildConfiguration;
			buildSettings = {
				ALWAYS_SEARCH_USER_PATHS = NO;
				CLANG_ANALYZER_NONNULL = YES;
				CLANG_CXX_LANGUAGE_STANDARD = "gnu++0x";
				CLANG_CXX_LIBRARY = "libc++";
				CLANG_ENABLE_MODULES = YES;
				CLANG_ENABLE_OBJC_ARC = YES;
				CLANG_WARN_BLOCK_CAPTURE_AUTORELEASING = YES;
				CLANG_WARN_BOOL_CONVERSION = YES;
				CLANG_WARN_COMMA = YES;
				CLANG_WARN_CONSTANT_CONVERSION = YES;
				CLANG_WARN_DEPRECATED_OBJC_IMPLEMENTATIONS = YES;
				CLANG_WARN_DIRECT_OBJC_ISA_USAGE = YES_ERROR;
				CLANG_WARN_DOCUMENTATION_COMMENTS = YES;
				CLANG_WARN_EMPTY_BODY = YES;
				CLANG_WARN_ENUM_CONVERSION = YES;
				CLANG_WARN_INFINITE_RECURSION = YES;
				CLANG_WARN_INT_CONVERSION = YES;
				CLANG_WARN_NON_LITERAL_NULL_CONVERSION = YES;
				CLANG_WARN_OBJC_IMPLICIT_RETAIN_SELF = YES;
				CLANG_WARN_OBJC_LITERAL_CONVERSION = YES;
				CLANG_WARN_OBJC_ROOT_CLASS = YES_ERROR;
				CLANG_WARN_RANGE_LOOP_ANALYSIS = YES;
				CLANG_WARN_STRICT_PROTOTYPES = YES;
				CLANG_WARN_SUSPICIOUS_MOVE = YES;
				CLANG_WARN_UNREACHABLE_CODE = YES;
				CLANG_WARN__DUPLICATE_METHOD_MATCH = YES;
				"CODE_SIGN_IDENTITY[sdk=iphoneos*]" = "iPhone Developer";
				COPY_PHASE_STRIP = NO;
				CURRENT_PROJECT_VERSION = 1;
				DEBUG_INFORMATION_FORMAT = "dwarf-with-dsym";
				ENABLE_NS_ASSERTIONS = NO;
				ENABLE_STRICT_OBJC_MSGSEND = YES;
				GCC_C_LANGUAGE_STANDARD = gnu99;
				GCC_NO_COMMON_BLOCKS = YES;
				GCC_WARN_64_TO_32_BIT_CONVERSION = YES;
				GCC_WARN_ABOUT_RETURN_TYPE = YES_ERROR;
				GCC_WARN_UNDECLARED_SELECTOR = YES;
				GCC_WARN_UNINITIALIZED_AUTOS = YES_AGGRESSIVE;
				GCC_WARN_UNUSED_FUNCTION = YES;
				GCC_WARN_UNUSED_VARIABLE = YES;
				IPHONEOS_DEPLOYMENT_TARGET = 10.3;
				MTL_ENABLE_DEBUG_INFO = NO;
				SDKROOT = iphoneos;
				SWIFT_OPTIMIZATION_LEVEL = "-Owholemodule";
				TARGETED_DEVICE_FAMILY = "1,2";
				VALIDATE_PRODUCT = YES;
				VERSIONING_SYSTEM = "apple-generic";
				VERSION_INFO_PREFIX = "";
			};
			name = Release;
		};
		48D584671E7830E1006F56B5 /* Debug */ = {
			isa = XCBuildConfiguration;
			buildSettings = {
				CLANG_ENABLE_MODULES = YES;
				CODE_SIGN_IDENTITY = "";
				DEFINES_MODULE = YES;
				DYLIB_COMPATIBILITY_VERSION = 1;
				DYLIB_CURRENT_VERSION = 1;
				DYLIB_INSTALL_NAME_BASE = "@rpath";
				FRAMEWORK_SEARCH_PATHS = (
					"$(inherited)",
					"$(PROJECT_DIR)/Carthage/Build/iOS",
				);
				INFOPLIST_FILE = Xcode/iOS/Info.plist;
				INSTALL_PATH = "$(LOCAL_LIBRARY_DIR)/Frameworks";
				IPHONEOS_DEPLOYMENT_TARGET = 11.0;
				LD_RUNPATH_SEARCH_PATHS = "$(inherited) @executable_path/Frameworks @loader_path/Frameworks";
				PRODUCT_BUNDLE_IDENTIFIER = com.4d.QMobileUI;
				PRODUCT_NAME = "$(TARGET_NAME)";
				SKIP_INSTALL = YES;
				SWIFT_OPTIMIZATION_LEVEL = "-Onone";
				SWIFT_SWIFT3_OBJC_INFERENCE = Default;
				SWIFT_VERSION = 4.0;
			};
			name = Debug;
		};
		48D584681E7830E1006F56B5 /* Release */ = {
			isa = XCBuildConfiguration;
			buildSettings = {
				CLANG_ENABLE_MODULES = YES;
				CODE_SIGN_IDENTITY = "";
				DEFINES_MODULE = YES;
				DYLIB_COMPATIBILITY_VERSION = 1;
				DYLIB_CURRENT_VERSION = 1;
				DYLIB_INSTALL_NAME_BASE = "@rpath";
				FRAMEWORK_SEARCH_PATHS = (
					"$(inherited)",
					"$(PROJECT_DIR)/Carthage/Build/iOS",
				);
				INFOPLIST_FILE = Xcode/iOS/Info.plist;
				INSTALL_PATH = "$(LOCAL_LIBRARY_DIR)/Frameworks";
				IPHONEOS_DEPLOYMENT_TARGET = 11.0;
				LD_RUNPATH_SEARCH_PATHS = "$(inherited) @executable_path/Frameworks @loader_path/Frameworks";
				PRODUCT_BUNDLE_IDENTIFIER = com.4d.QMobileUI;
				PRODUCT_NAME = "$(TARGET_NAME)";
				SKIP_INSTALL = YES;
				SWIFT_SWIFT3_OBJC_INFERENCE = Default;
				SWIFT_VERSION = 4.0;
			};
			name = Release;
		};
		48D584781E7831B2006F56B5 /* Debug */ = {
			isa = XCBuildConfiguration;
			buildSettings = {
				ALWAYS_EMBED_SWIFT_STANDARD_LIBRARIES = YES;
				FRAMEWORK_SEARCH_PATHS = (
					"$(inherited)",
					"$(PROJECT_DIR)/Carthage/Build/iOS",
				);
				INFOPLIST_FILE = Tests/Info.plist;
				IPHONEOS_DEPLOYMENT_TARGET = 11.0;
				LD_RUNPATH_SEARCH_PATHS = "$(inherited) @executable_path/Frameworks @loader_path/Frameworks";
				PRODUCT_BUNDLE_IDENTIFIER = com.4d.QMobileUITests;
				PRODUCT_NAME = "$(TARGET_NAME)";
				SDKROOT = iphoneos;
				SWIFT_SWIFT3_OBJC_INFERENCE = On;
				SWIFT_VERSION = 4.0;
			};
			name = Debug;
		};
		48D584791E7831B2006F56B5 /* Release */ = {
			isa = XCBuildConfiguration;
			buildSettings = {
				ALWAYS_EMBED_SWIFT_STANDARD_LIBRARIES = YES;
				FRAMEWORK_SEARCH_PATHS = (
					"$(inherited)",
					"$(PROJECT_DIR)/Carthage/Build/iOS",
				);
				INFOPLIST_FILE = Tests/Info.plist;
				IPHONEOS_DEPLOYMENT_TARGET = 11.0;
				LD_RUNPATH_SEARCH_PATHS = "$(inherited) @executable_path/Frameworks @loader_path/Frameworks";
				PRODUCT_BUNDLE_IDENTIFIER = com.4d.QMobileUITests;
				PRODUCT_NAME = "$(TARGET_NAME)";
				SDKROOT = iphoneos;
				SWIFT_SWIFT3_OBJC_INFERENCE = On;
				SWIFT_VERSION = 4.0;
			};
			name = Release;
		};
		48EE07831E7AEDAD00A8546E /* Debug */ = {
			isa = XCBuildConfiguration;
			buildSettings = {
				DEBUGGING_SYMBOLS = YES;
				DEBUG_INFORMATION_FORMAT = dwarf;
				GCC_GENERATE_DEBUGGING_SYMBOLS = YES;
				GCC_OPTIMIZATION_LEVEL = 0;
				OTHER_CFLAGS = "";
				OTHER_LDFLAGS = "";
				PRODUCT_NAME = "$(TARGET_NAME)";
			};
			name = Debug;
		};
		48EE07841E7AEDAD00A8546E /* Release */ = {
			isa = XCBuildConfiguration;
			buildSettings = {
				DEBUG_INFORMATION_FORMAT = "dwarf-with-dsym";
				OTHER_CFLAGS = "";
				OTHER_LDFLAGS = "";
				PRODUCT_NAME = "$(TARGET_NAME)";
			};
			name = Release;
		};
/* End XCBuildConfiguration section */

/* Begin XCConfigurationList section */
		489C15C71F39AEAB004844F3 /* Build configuration list for PBXLegacyTarget "carthage update" */ = {
			isa = XCConfigurationList;
			buildConfigurations = (
				489C15C51F39AEAB004844F3 /* Debug */,
				489C15C61F39AEAB004844F3 /* Release */,
			);
			defaultConfigurationIsVisible = 0;
			defaultConfigurationName = Release;
		};
		489C15C91F39AF78004844F3 /* Build configuration list for PBXLegacyTarget "jazzy" */ = {
			isa = XCConfigurationList;
			buildConfigurations = (
				489C15CA1F39AF78004844F3 /* Debug */,
				489C15CB1F39AF78004844F3 /* Release */,
			);
			defaultConfigurationIsVisible = 0;
			defaultConfigurationName = Release;
		};
		48D584581E7830E1006F56B5 /* Build configuration list for PBXProject "QMobileUI" */ = {
			isa = XCConfigurationList;
			buildConfigurations = (
				48D584641E7830E1006F56B5 /* Debug */,
				48D584651E7830E1006F56B5 /* Release */,
			);
			defaultConfigurationIsVisible = 0;
			defaultConfigurationName = Release;
		};
		48D584661E7830E1006F56B5 /* Build configuration list for PBXNativeTarget "QMobileUI" */ = {
			isa = XCConfigurationList;
			buildConfigurations = (
				48D584671E7830E1006F56B5 /* Debug */,
				48D584681E7830E1006F56B5 /* Release */,
			);
			defaultConfigurationIsVisible = 0;
			defaultConfigurationName = Release;
		};
		48D584771E7831B2006F56B5 /* Build configuration list for PBXNativeTarget "Tests" */ = {
			isa = XCConfigurationList;
			buildConfigurations = (
				48D584781E7831B2006F56B5 /* Debug */,
				48D584791E7831B2006F56B5 /* Release */,
			);
			defaultConfigurationIsVisible = 0;
			defaultConfigurationName = Release;
		};
		48EE07821E7AEDAD00A8546E /* Build configuration list for PBXLegacyTarget "swiftlint autocorrect" */ = {
			isa = XCConfigurationList;
			buildConfigurations = (
				48EE07831E7AEDAD00A8546E /* Debug */,
				48EE07841E7AEDAD00A8546E /* Release */,
			);
			defaultConfigurationIsVisible = 0;
			defaultConfigurationName = Release;
		};
/* End XCConfigurationList section */

/* Begin XCVersionGroup section */
		48A62CCC1E9E6D2A002A76C2 /* QMobileDataStoreTests.xcdatamodeld */ = {
			isa = XCVersionGroup;
			children = (
				48A62CCD1E9E6D2A002A76C2 /* QMobileDataStoreTests.xcdatamodel */,
			);
			currentVersion = 48A62CCD1E9E6D2A002A76C2 /* QMobileDataStoreTests.xcdatamodel */;
			path = QMobileDataStoreTests.xcdatamodeld;
			sourceTree = "<group>";
			versionGroupType = wrapper.xcdatamodel;
		};
/* End XCVersionGroup section */
	};
	rootObject = 48D584551E7830E1006F56B5 /* Project object */;
}
