// !$*UTF8*$!
{
	archiveVersion = 1;
	classes = {
	};
	objectVersion = 46;
	objects = {

/* Begin PBXBuildFile section */
		480B43471E83FAB8007C90DD /* Entity+TestImage.swift in Sources */ = {isa = PBXBuildFile; fileRef = 480B43461E83FAB8007C90DD /* Entity+TestImage.swift */; };
		480B43491E840208007C90DD /* style.json in Resources */ = {isa = PBXBuildFile; fileRef = 480B43481E840208007C90DD /* style.json */; };
		48112D4E1E9FB7E900A3A88C /* IBImageView.swift in Sources */ = {isa = PBXBuildFile; fileRef = 48112D4D1E9FB7E900A3A88C /* IBImageView.swift */; };
		48112D521E9FC10500A3A88C /* Storyboard.storyboard in Resources */ = {isa = PBXBuildFile; fileRef = 48112D511E9FC10500A3A88C /* Storyboard.storyboard */; };
		48268C261E802581000F7719 /* Entity+CoreData.swift in Sources */ = {isa = PBXBuildFile; fileRef = 48268C251E802581000F7719 /* Entity+CoreData.swift */; };
		485CCDC01E79836800CDB2B3 /* AppDelegate.swift in Sources */ = {isa = PBXBuildFile; fileRef = 485CCDBF1E79836800CDB2B3 /* AppDelegate.swift */; };
		485CCDC21E79836800CDB2B3 /* EntityTableViewController.swift in Sources */ = {isa = PBXBuildFile; fileRef = 485CCDC11E79836800CDB2B3 /* EntityTableViewController.swift */; };
		485CCDC41E79836800CDB2B3 /* EntityCollectionViewController.swift in Sources */ = {isa = PBXBuildFile; fileRef = 485CCDC31E79836800CDB2B3 /* EntityCollectionViewController.swift */; };
		485CCDC71E79836800CDB2B3 /* Main.storyboard in Resources */ = {isa = PBXBuildFile; fileRef = 485CCDC51E79836800CDB2B3 /* Main.storyboard */; };
		485CCDC91E79836800CDB2B3 /* Assets.xcassets in Resources */ = {isa = PBXBuildFile; fileRef = 485CCDC81E79836800CDB2B3 /* Assets.xcassets */; };
		485CCDCC1E79836800CDB2B3 /* LaunchScreen.storyboard in Resources */ = {isa = PBXBuildFile; fileRef = 485CCDCA1E79836800CDB2B3 /* LaunchScreen.storyboard */; };
		48639DF31EA766DF00D52E08 /* main.swift in Sources */ = {isa = PBXBuildFile; fileRef = 48639DF21EA766DF00D52E08 /* main.swift */; };
		487559EA1E9F7DE8005D3F8F /* IB.h in Headers */ = {isa = PBXBuildFile; fileRef = 487559E81E9F7DE8005D3F8F /* IB.h */; settings = {ATTRIBUTES = (Public, ); }; };
		487559ED1E9F7DE8005D3F8F /* IB.framework in Frameworks */ = {isa = PBXBuildFile; fileRef = 487559E61E9F7DE7005D3F8F /* IB.framework */; };
		487559EE1E9F7DE8005D3F8F /* IB.framework in Embed Frameworks */ = {isa = PBXBuildFile; fileRef = 487559E61E9F7DE7005D3F8F /* IB.framework */; settings = {ATTRIBUTES = (CodeSignOnCopy, RemoveHeadersOnCopy, ); }; };
		487559F31E9F7DEE005D3F8F /* IBLabel.swift in Sources */ = {isa = PBXBuildFile; fileRef = 487559C61E9F5994005D3F8F /* IBLabel.swift */; };
		48A041DE1E79865F0098A54C /* DemoTabbedApplication.xcdatamodeld in Sources */ = {isa = PBXBuildFile; fileRef = 48A041DC1E79865F0098A54C /* DemoTabbedApplication.xcdatamodeld */; };
		48A041E21E798CD20098A54C /* Entity.swift in Sources */ = {isa = PBXBuildFile; fileRef = 48A041E11E798CD20098A54C /* Entity.swift */; };
		48A168BD1E7A95DC00AA525B /* DetailViewController.swift in Sources */ = {isa = PBXBuildFile; fileRef = 48A168BC1E7A95DC00AA525B /* DetailViewController.swift */; };
		48A168BF1E7AC27200AA525B /* EntityTableCategoryViewController.swift in Sources */ = {isa = PBXBuildFile; fileRef = 48A168BE1E7AC27200AA525B /* EntityTableCategoryViewController.swift */; };
		6BC8EB5A71A397FFF6C823E2 /* Pods_DemoTabbedApplication.framework in Frameworks */ = {isa = PBXBuildFile; fileRef = 7296E82E14607BA8B098BBFA /* Pods_DemoTabbedApplication.framework */; };
/* End PBXBuildFile section */

/* Begin PBXContainerItemProxy section */
		487559EB1E9F7DE8005D3F8F /* PBXContainerItemProxy */ = {
			isa = PBXContainerItemProxy;
			containerPortal = 485CCDB41E79836800CDB2B3 /* Project object */;
			proxyType = 1;
			remoteGlobalIDString = 487559E51E9F7DE7005D3F8F;
			remoteInfo = IB;
		};
/* End PBXContainerItemProxy section */

/* Begin PBXCopyFilesBuildPhase section */
		487559F21E9F7DE8005D3F8F /* Embed Frameworks */ = {
			isa = PBXCopyFilesBuildPhase;
			buildActionMask = 2147483647;
			dstPath = "";
			dstSubfolderSpec = 10;
			files = (
				487559EE1E9F7DE8005D3F8F /* IB.framework in Embed Frameworks */,
			);
			name = "Embed Frameworks";
			runOnlyForDeploymentPostprocessing = 0;
		};
/* End PBXCopyFilesBuildPhase section */

/* Begin PBXFileReference section */
		2F5F9F4282C799B0443E6090 /* Pods-DemoTabbedApplication.debug.xcconfig */ = {isa = PBXFileReference; includeInIndex = 1; lastKnownFileType = text.xcconfig; name = "Pods-DemoTabbedApplication.debug.xcconfig"; path = "Pods/Target Support Files/Pods-DemoTabbedApplication/Pods-DemoTabbedApplication.debug.xcconfig"; sourceTree = "<group>"; };
		480B43461E83FAB8007C90DD /* Entity+TestImage.swift */ = {isa = PBXFileReference; fileEncoding = 4; lastKnownFileType = sourcecode.swift; path = "Entity+TestImage.swift"; sourceTree = "<group>"; };
		480B43481E840208007C90DD /* style.json */ = {isa = PBXFileReference; fileEncoding = 4; lastKnownFileType = text.json; path = style.json; sourceTree = "<group>"; };
		48112D4D1E9FB7E900A3A88C /* IBImageView.swift */ = {isa = PBXFileReference; fileEncoding = 4; lastKnownFileType = sourcecode.swift; path = IBImageView.swift; sourceTree = "<group>"; };
		48112D511E9FC10500A3A88C /* Storyboard.storyboard */ = {isa = PBXFileReference; fileEncoding = 4; lastKnownFileType = file.storyboard; path = Storyboard.storyboard; sourceTree = "<group>"; };
		48268C251E802581000F7719 /* Entity+CoreData.swift */ = {isa = PBXFileReference; fileEncoding = 4; lastKnownFileType = sourcecode.swift; path = "Entity+CoreData.swift"; sourceTree = "<group>"; };
		485CCDBC1E79836800CDB2B3 /* DemoTabbedApplication.app */ = {isa = PBXFileReference; explicitFileType = wrapper.application; includeInIndex = 0; path = DemoTabbedApplication.app; sourceTree = BUILT_PRODUCTS_DIR; };
		485CCDBF1E79836800CDB2B3 /* AppDelegate.swift */ = {isa = PBXFileReference; lastKnownFileType = sourcecode.swift; path = AppDelegate.swift; sourceTree = "<group>"; };
		485CCDC11E79836800CDB2B3 /* EntityTableViewController.swift */ = {isa = PBXFileReference; lastKnownFileType = sourcecode.swift; path = EntityTableViewController.swift; sourceTree = "<group>"; };
		485CCDC31E79836800CDB2B3 /* EntityCollectionViewController.swift */ = {isa = PBXFileReference; lastKnownFileType = sourcecode.swift; path = EntityCollectionViewController.swift; sourceTree = "<group>"; };
		485CCDC61E79836800CDB2B3 /* Base */ = {isa = PBXFileReference; lastKnownFileType = file.storyboard; name = Base; path = Base.lproj/Main.storyboard; sourceTree = "<group>"; };
		485CCDC81E79836800CDB2B3 /* Assets.xcassets */ = {isa = PBXFileReference; lastKnownFileType = folder.assetcatalog; path = Assets.xcassets; sourceTree = "<group>"; };
		485CCDCB1E79836800CDB2B3 /* Base */ = {isa = PBXFileReference; lastKnownFileType = file.storyboard; name = Base; path = Base.lproj/LaunchScreen.storyboard; sourceTree = "<group>"; };
		485CCDCD1E79836800CDB2B3 /* Info.plist */ = {isa = PBXFileReference; lastKnownFileType = text.plist.xml; path = Info.plist; sourceTree = "<group>"; };
		48639DF21EA766DF00D52E08 /* main.swift */ = {isa = PBXFileReference; fileEncoding = 4; lastKnownFileType = sourcecode.swift; path = main.swift; sourceTree = "<group>"; };
		487559C61E9F5994005D3F8F /* IBLabel.swift */ = {isa = PBXFileReference; fileEncoding = 4; lastKnownFileType = sourcecode.swift; path = IBLabel.swift; sourceTree = "<group>"; };
		487559E61E9F7DE7005D3F8F /* IB.framework */ = {isa = PBXFileReference; explicitFileType = wrapper.framework; includeInIndex = 0; path = IB.framework; sourceTree = BUILT_PRODUCTS_DIR; };
		487559E81E9F7DE8005D3F8F /* IB.h */ = {isa = PBXFileReference; lastKnownFileType = sourcecode.c.h; path = IB.h; sourceTree = "<group>"; };
		487559E91E9F7DE8005D3F8F /* Info.plist */ = {isa = PBXFileReference; lastKnownFileType = text.plist.xml; path = Info.plist; sourceTree = "<group>"; };
		48A041DD1E79865F0098A54C /* DemoTabbedApplication.xcdatamodel */ = {isa = PBXFileReference; lastKnownFileType = wrapper.xcdatamodel; path = DemoTabbedApplication.xcdatamodel; sourceTree = "<group>"; };
		48A041E11E798CD20098A54C /* Entity.swift */ = {isa = PBXFileReference; fileEncoding = 4; lastKnownFileType = sourcecode.swift; path = Entity.swift; sourceTree = "<group>"; };
		48A168BC1E7A95DC00AA525B /* DetailViewController.swift */ = {isa = PBXFileReference; fileEncoding = 4; lastKnownFileType = sourcecode.swift; path = DetailViewController.swift; sourceTree = "<group>"; };
		48A168BE1E7AC27200AA525B /* EntityTableCategoryViewController.swift */ = {isa = PBXFileReference; fileEncoding = 4; lastKnownFileType = sourcecode.swift; path = EntityTableCategoryViewController.swift; sourceTree = "<group>"; };
		7296E82E14607BA8B098BBFA /* Pods_DemoTabbedApplication.framework */ = {isa = PBXFileReference; explicitFileType = wrapper.framework; includeInIndex = 0; path = Pods_DemoTabbedApplication.framework; sourceTree = BUILT_PRODUCTS_DIR; };
		DFA62FA9874A8CF9C95AA524 /* Pods-DemoTabbedApplication.release.xcconfig */ = {isa = PBXFileReference; includeInIndex = 1; lastKnownFileType = text.xcconfig; name = "Pods-DemoTabbedApplication.release.xcconfig"; path = "Pods/Target Support Files/Pods-DemoTabbedApplication/Pods-DemoTabbedApplication.release.xcconfig"; sourceTree = "<group>"; };
/* End PBXFileReference section */

/* Begin PBXFrameworksBuildPhase section */
		485CCDB91E79836800CDB2B3 /* Frameworks */ = {
			isa = PBXFrameworksBuildPhase;
			buildActionMask = 2147483647;
			files = (
				6BC8EB5A71A397FFF6C823E2 /* Pods_DemoTabbedApplication.framework in Frameworks */,
				487559ED1E9F7DE8005D3F8F /* IB.framework in Frameworks */,
			);
			runOnlyForDeploymentPostprocessing = 0;
		};
		487559E21E9F7DE7005D3F8F /* Frameworks */ = {
			isa = PBXFrameworksBuildPhase;
			buildActionMask = 2147483647;
			files = (
			);
			runOnlyForDeploymentPostprocessing = 0;
		};
/* End PBXFrameworksBuildPhase section */

/* Begin PBXGroup section */
		1607C018D42DE5559AB4970C /* Pods */ = {
			isa = PBXGroup;
			children = (
				2F5F9F4282C799B0443E6090 /* Pods-DemoTabbedApplication.debug.xcconfig */,
				DFA62FA9874A8CF9C95AA524 /* Pods-DemoTabbedApplication.release.xcconfig */,
			);
			name = Pods;
			sourceTree = "<group>";
		};
		485CCDB31E79836800CDB2B3 = {
			isa = PBXGroup;
			children = (
				485CCDBE1E79836800CDB2B3 /* DemoTabbedApplication */,
				487559E71E9F7DE8005D3F8F /* IB */,
				485CCDBD1E79836800CDB2B3 /* Products */,
				1607C018D42DE5559AB4970C /* Pods */,
				6B925BD3D3904BD1B8E98D5B /* Frameworks */,
			);
			sourceTree = "<group>";
		};
		485CCDBD1E79836800CDB2B3 /* Products */ = {
			isa = PBXGroup;
			children = (
				485CCDBC1E79836800CDB2B3 /* DemoTabbedApplication.app */,
				487559E61E9F7DE7005D3F8F /* IB.framework */,
			);
			name = Products;
			sourceTree = "<group>";
		};
		485CCDBE1E79836800CDB2B3 /* DemoTabbedApplication */ = {
			isa = PBXGroup;
			children = (
				48639DF21EA766DF00D52E08 /* main.swift */,
				485CCDBF1E79836800CDB2B3 /* AppDelegate.swift */,
				48A041DF1E798C6E0098A54C /* Model */,
				48A041E01E798C7A0098A54C /* Controller */,
				485CCDC51E79836800CDB2B3 /* Main.storyboard */,
				48112D511E9FC10500A3A88C /* Storyboard.storyboard */,
				485CCDC81E79836800CDB2B3 /* Assets.xcassets */,
				485CCDCA1E79836800CDB2B3 /* LaunchScreen.storyboard */,
				485CCDCD1E79836800CDB2B3 /* Info.plist */,
				480B43481E840208007C90DD /* style.json */,
			);
			path = DemoTabbedApplication;
			sourceTree = "<group>";
		};
		487559E71E9F7DE8005D3F8F /* IB */ = {
			isa = PBXGroup;
			children = (
				48112D4D1E9FB7E900A3A88C /* IBImageView.swift */,
				487559C61E9F5994005D3F8F /* IBLabel.swift */,
				487559E81E9F7DE8005D3F8F /* IB.h */,
				487559E91E9F7DE8005D3F8F /* Info.plist */,
			);
			path = IB;
			sourceTree = "<group>";
		};
		48A041DF1E798C6E0098A54C /* Model */ = {
			isa = PBXGroup;
			children = (
				48A041DC1E79865F0098A54C /* DemoTabbedApplication.xcdatamodeld */,
				48A041E11E798CD20098A54C /* Entity.swift */,
				48268C251E802581000F7719 /* Entity+CoreData.swift */,
				480B43461E83FAB8007C90DD /* Entity+TestImage.swift */,
			);
			name = Model;
			sourceTree = "<group>";
		};
		48A041E01E798C7A0098A54C /* Controller */ = {
			isa = PBXGroup;
			children = (
				485CCDC11E79836800CDB2B3 /* EntityTableViewController.swift */,
				48A168BE1E7AC27200AA525B /* EntityTableCategoryViewController.swift */,
				485CCDC31E79836800CDB2B3 /* EntityCollectionViewController.swift */,
				48A168BC1E7A95DC00AA525B /* DetailViewController.swift */,
			);
			name = Controller;
			sourceTree = "<group>";
		};
		6B925BD3D3904BD1B8E98D5B /* Frameworks */ = {
			isa = PBXGroup;
			children = (
				7296E82E14607BA8B098BBFA /* Pods_DemoTabbedApplication.framework */,
			);
			name = Frameworks;
			sourceTree = "<group>";
		};
/* End PBXGroup section */

/* Begin PBXHeadersBuildPhase section */
		487559E31E9F7DE7005D3F8F /* Headers */ = {
			isa = PBXHeadersBuildPhase;
			buildActionMask = 2147483647;
			files = (
				487559EA1E9F7DE8005D3F8F /* IB.h in Headers */,
			);
			runOnlyForDeploymentPostprocessing = 0;
		};
/* End PBXHeadersBuildPhase section */

/* Begin PBXNativeTarget section */
		485CCDBB1E79836800CDB2B3 /* DemoTabbedApplication */ = {
			isa = PBXNativeTarget;
			buildConfigurationList = 485CCDD01E79836800CDB2B3 /* Build configuration list for PBXNativeTarget "DemoTabbedApplication" */;
			buildPhases = (
				A2983F782752784BC0595D6D /* [CP] Check Pods Manifest.lock */,
				485CCDB81E79836800CDB2B3 /* Sources */,
				485CCDB91E79836800CDB2B3 /* Frameworks */,
				485CCDBA1E79836800CDB2B3 /* Resources */,
				D76FFCBE3C4B7A0E31616D3B /* [CP] Embed Pods Frameworks */,
				B2844C49E54AE97100F32B04 /* [CP] Copy Pods Resources */,
				487559F21E9F7DE8005D3F8F /* Embed Frameworks */,
			);
			buildRules = (
			);
			dependencies = (
				487559EC1E9F7DE8005D3F8F /* PBXTargetDependency */,
			);
			name = DemoTabbedApplication;
			productName = DemoTabbedApplication;
			productReference = 485CCDBC1E79836800CDB2B3 /* DemoTabbedApplication.app */;
			productType = "com.apple.product-type.application";
		};
		487559E51E9F7DE7005D3F8F /* IB */ = {
			isa = PBXNativeTarget;
			buildConfigurationList = 487559EF1E9F7DE8005D3F8F /* Build configuration list for PBXNativeTarget "IB" */;
			buildPhases = (
				487559E11E9F7DE7005D3F8F /* Sources */,
				487559E21E9F7DE7005D3F8F /* Frameworks */,
				487559E31E9F7DE7005D3F8F /* Headers */,
				487559E41E9F7DE7005D3F8F /* Resources */,
			);
			buildRules = (
			);
			dependencies = (
			);
			name = IB;
			productName = IB;
			productReference = 487559E61E9F7DE7005D3F8F /* IB.framework */;
			productType = "com.apple.product-type.framework";
		};
/* End PBXNativeTarget section */

/* Begin PBXProject section */
		485CCDB41E79836800CDB2B3 /* Project object */ = {
			isa = PBXProject;
			attributes = {
				LastSwiftUpdateCheck = 0830;
				LastUpgradeCheck = 0820;
				ORGANIZATIONNAME = "Eric Marchand";
				TargetAttributes = {
					485CCDBB1E79836800CDB2B3 = {
						CreatedOnToolsVersion = 8.2.1;
						ProvisioningStyle = Automatic;
					};
					487559E51E9F7DE7005D3F8F = {
						CreatedOnToolsVersion = 8.3.1;
						ProvisioningStyle = Automatic;
					};
				};
			};
			buildConfigurationList = 485CCDB71E79836800CDB2B3 /* Build configuration list for PBXProject "DemoTabbedApplication" */;
			compatibilityVersion = "Xcode 3.2";
			developmentRegion = English;
			hasScannedForEncodings = 0;
			knownRegions = (
				en,
				Base,
			);
			mainGroup = 485CCDB31E79836800CDB2B3;
			productRefGroup = 485CCDBD1E79836800CDB2B3 /* Products */;
			projectDirPath = "";
			projectRoot = "";
			targets = (
				485CCDBB1E79836800CDB2B3 /* DemoTabbedApplication */,
				487559E51E9F7DE7005D3F8F /* IB */,
			);
		};
/* End PBXProject section */

/* Begin PBXResourcesBuildPhase section */
		485CCDBA1E79836800CDB2B3 /* Resources */ = {
			isa = PBXResourcesBuildPhase;
			buildActionMask = 2147483647;
			files = (
				485CCDCC1E79836800CDB2B3 /* LaunchScreen.storyboard in Resources */,
				485CCDC91E79836800CDB2B3 /* Assets.xcassets in Resources */,
				485CCDC71E79836800CDB2B3 /* Main.storyboard in Resources */,
				480B43491E840208007C90DD /* style.json in Resources */,
				48112D521E9FC10500A3A88C /* Storyboard.storyboard in Resources */,
			);
			runOnlyForDeploymentPostprocessing = 0;
		};
		487559E41E9F7DE7005D3F8F /* Resources */ = {
			isa = PBXResourcesBuildPhase;
			buildActionMask = 2147483647;
			files = (
			);
			runOnlyForDeploymentPostprocessing = 0;
		};
/* End PBXResourcesBuildPhase section */

/* Begin PBXShellScriptBuildPhase section */
		A2983F782752784BC0595D6D /* [CP] Check Pods Manifest.lock */ = {
			isa = PBXShellScriptBuildPhase;
			buildActionMask = 2147483647;
			files = (
			);
			inputPaths = (
			);
			name = "[CP] Check Pods Manifest.lock";
			outputPaths = (
			);
			runOnlyForDeploymentPostprocessing = 0;
			shellPath = /bin/sh;
			shellScript = "diff \"${PODS_ROOT}/../Podfile.lock\" \"${PODS_ROOT}/Manifest.lock\" > /dev/null\nif [ $? != 0 ] ; then\n    # print error to STDERR\n    echo \"error: The sandbox is not in sync with the Podfile.lock. Run 'pod install' or update your CocoaPods installation.\" >&2\n    exit 1\nfi\n";
			showEnvVarsInLog = 0;
		};
		B2844C49E54AE97100F32B04 /* [CP] Copy Pods Resources */ = {
			isa = PBXShellScriptBuildPhase;
			buildActionMask = 2147483647;
			files = (
			);
			inputPaths = (
			);
			name = "[CP] Copy Pods Resources";
			outputPaths = (
			);
			runOnlyForDeploymentPostprocessing = 0;
			shellPath = /bin/sh;
			shellScript = "\"${SRCROOT}/Pods/Target Support Files/Pods-DemoTabbedApplication/Pods-DemoTabbedApplication-resources.sh\"\n";
			showEnvVarsInLog = 0;
		};
		D76FFCBE3C4B7A0E31616D3B /* [CP] Embed Pods Frameworks */ = {
			isa = PBXShellScriptBuildPhase;
			buildActionMask = 2147483647;
			files = (
			);
			inputPaths = (
			);
			name = "[CP] Embed Pods Frameworks";
			outputPaths = (
			);
			runOnlyForDeploymentPostprocessing = 0;
			shellPath = /bin/sh;
			shellScript = "\"${SRCROOT}/Pods/Target Support Files/Pods-DemoTabbedApplication/Pods-DemoTabbedApplication-frameworks.sh\"\n";
			showEnvVarsInLog = 0;
		};
/* End PBXShellScriptBuildPhase section */

/* Begin PBXSourcesBuildPhase section */
		485CCDB81E79836800CDB2B3 /* Sources */ = {
			isa = PBXSourcesBuildPhase;
			buildActionMask = 2147483647;
			files = (
				485CCDC41E79836800CDB2B3 /* EntityCollectionViewController.swift in Sources */,
				48A041E21E798CD20098A54C /* Entity.swift in Sources */,
				48639DF31EA766DF00D52E08 /* main.swift in Sources */,
				48A168BF1E7AC27200AA525B /* EntityTableCategoryViewController.swift in Sources */,
				48268C261E802581000F7719 /* Entity+CoreData.swift in Sources */,
				48A168BD1E7A95DC00AA525B /* DetailViewController.swift in Sources */,
				480B43471E83FAB8007C90DD /* Entity+TestImage.swift in Sources */,
				48A041DE1E79865F0098A54C /* DemoTabbedApplication.xcdatamodeld in Sources */,
				485CCDC01E79836800CDB2B3 /* AppDelegate.swift in Sources */,
				485CCDC21E79836800CDB2B3 /* EntityTableViewController.swift in Sources */,
			);
			runOnlyForDeploymentPostprocessing = 0;
		};
		487559E11E9F7DE7005D3F8F /* Sources */ = {
			isa = PBXSourcesBuildPhase;
			buildActionMask = 2147483647;
			files = (
				487559F31E9F7DEE005D3F8F /* IBLabel.swift in Sources */,
				48112D4E1E9FB7E900A3A88C /* IBImageView.swift in Sources */,
			);
			runOnlyForDeploymentPostprocessing = 0;
		};
/* End PBXSourcesBuildPhase section */

/* Begin PBXTargetDependency section */
		487559EC1E9F7DE8005D3F8F /* PBXTargetDependency */ = {
			isa = PBXTargetDependency;
			target = 487559E51E9F7DE7005D3F8F /* IB */;
			targetProxy = 487559EB1E9F7DE8005D3F8F /* PBXContainerItemProxy */;
		};
/* End PBXTargetDependency section */

/* Begin PBXVariantGroup section */
		485CCDC51E79836800CDB2B3 /* Main.storyboard */ = {
			isa = PBXVariantGroup;
			children = (
				485CCDC61E79836800CDB2B3 /* Base */,
			);
			name = Main.storyboard;
			sourceTree = "<group>";
		};
		485CCDCA1E79836800CDB2B3 /* LaunchScreen.storyboard */ = {
			isa = PBXVariantGroup;
			children = (
				485CCDCB1E79836800CDB2B3 /* Base */,
			);
			name = LaunchScreen.storyboard;
			sourceTree = "<group>";
		};
/* End PBXVariantGroup section */

/* Begin XCBuildConfiguration section */
		485CCDCE1E79836800CDB2B3 /* Debug */ = {
			isa = XCBuildConfiguration;
			buildSettings = {
				ALWAYS_SEARCH_USER_PATHS = NO;
				CLANG_ANALYZER_NONNULL = YES;
				CLANG_CXX_LANGUAGE_STANDARD = "gnu++0x";
				CLANG_CXX_LIBRARY = "libc++";
				CLANG_ENABLE_MODULES = YES;
				CLANG_ENABLE_OBJC_ARC = YES;
				CLANG_WARN_BOOL_CONVERSION = YES;
				CLANG_WARN_CONSTANT_CONVERSION = YES;
				CLANG_WARN_DIRECT_OBJC_ISA_USAGE = YES_ERROR;
				CLANG_WARN_DOCUMENTATION_COMMENTS = YES;
				CLANG_WARN_EMPTY_BODY = YES;
				CLANG_WARN_ENUM_CONVERSION = YES;
				CLANG_WARN_INFINITE_RECURSION = YES;
				CLANG_WARN_INT_CONVERSION = YES;
				CLANG_WARN_OBJC_ROOT_CLASS = YES_ERROR;
				CLANG_WARN_SUSPICIOUS_MOVE = YES;
				CLANG_WARN_UNREACHABLE_CODE = YES;
				CLANG_WARN__DUPLICATE_METHOD_MATCH = YES;
				"CODE_SIGN_IDENTITY[sdk=iphoneos*]" = "iPhone Developer";
				COPY_PHASE_STRIP = NO;
				DEBUG_INFORMATION_FORMAT = dwarf;
				ENABLE_STRICT_OBJC_MSGSEND = YES;
				ENABLE_TESTABILITY = YES;
				GCC_C_LANGUAGE_STANDARD = gnu99;
				GCC_DYNAMIC_NO_PIC = NO;
				GCC_NO_COMMON_BLOCKS = YES;
				GCC_OPTIMIZATION_LEVEL = 0;
				GCC_PREPROCESSOR_DEFINITIONS = (
					"DEBUG=1",
					"$(inherited)",
				);
				GCC_WARN_64_TO_32_BIT_CONVERSION = YES;
				GCC_WARN_ABOUT_RETURN_TYPE = YES_ERROR;
				GCC_WARN_UNDECLARED_SELECTOR = YES;
				GCC_WARN_UNINITIALIZED_AUTOS = YES_AGGRESSIVE;
				GCC_WARN_UNUSED_FUNCTION = YES;
				GCC_WARN_UNUSED_VARIABLE = YES;
				IPHONEOS_DEPLOYMENT_TARGET = 10.2;
				MTL_ENABLE_DEBUG_INFO = YES;
				ONLY_ACTIVE_ARCH = YES;
				SDKROOT = iphoneos;
				SWIFT_ACTIVE_COMPILATION_CONDITIONS = DEBUG;
				SWIFT_OPTIMIZATION_LEVEL = "-Onone";
				TARGETED_DEVICE_FAMILY = "1,2";
			};
			name = Debug;
		};
		485CCDCF1E79836800CDB2B3 /* Release */ = {
			isa = XCBuildConfiguration;
			buildSettings = {
				ALWAYS_SEARCH_USER_PATHS = NO;
				CLANG_ANALYZER_NONNULL = YES;
				CLANG_CXX_LANGUAGE_STANDARD = "gnu++0x";
				CLANG_CXX_LIBRARY = "libc++";
				CLANG_ENABLE_MODULES = YES;
				CLANG_ENABLE_OBJC_ARC = YES;
				CLANG_WARN_BOOL_CONVERSION = YES;
				CLANG_WARN_CONSTANT_CONVERSION = YES;
				CLANG_WARN_DIRECT_OBJC_ISA_USAGE = YES_ERROR;
				CLANG_WARN_DOCUMENTATION_COMMENTS = YES;
				CLANG_WARN_EMPTY_BODY = YES;
				CLANG_WARN_ENUM_CONVERSION = YES;
				CLANG_WARN_INFINITE_RECURSION = YES;
				CLANG_WARN_INT_CONVERSION = YES;
				CLANG_WARN_OBJC_ROOT_CLASS = YES_ERROR;
				CLANG_WARN_SUSPICIOUS_MOVE = YES;
				CLANG_WARN_UNREACHABLE_CODE = YES;
				CLANG_WARN__DUPLICATE_METHOD_MATCH = YES;
				"CODE_SIGN_IDENTITY[sdk=iphoneos*]" = "iPhone Developer";
				COPY_PHASE_STRIP = NO;
				DEBUG_INFORMATION_FORMAT = "dwarf-with-dsym";
				ENABLE_NS_ASSERTIONS = NO;
				ENABLE_STRICT_OBJC_MSGSEND = YES;
				GCC_C_LANGUAGE_STANDARD = gnu99;
				GCC_NO_COMMON_BLOCKS = YES;
				GCC_WARN_64_TO_32_BIT_CONVERSION = YES;
				GCC_WARN_ABOUT_RETURN_TYPE = YES_ERROR;
				GCC_WARN_UNDECLARED_SELECTOR = YES;
				GCC_WARN_UNINITIALIZED_AUTOS = YES_AGGRESSIVE;
				GCC_WARN_UNUSED_FUNCTION = YES;
				GCC_WARN_UNUSED_VARIABLE = YES;
				IPHONEOS_DEPLOYMENT_TARGET = 10.2;
				MTL_ENABLE_DEBUG_INFO = NO;
				SDKROOT = iphoneos;
				SWIFT_OPTIMIZATION_LEVEL = "-Owholemodule";
				TARGETED_DEVICE_FAMILY = "1,2";
				VALIDATE_PRODUCT = YES;
			};
			name = Release;
		};
		485CCDD11E79836800CDB2B3 /* Debug */ = {
			isa = XCBuildConfiguration;
			baseConfigurationReference = 2F5F9F4282C799B0443E6090 /* Pods-DemoTabbedApplication.debug.xcconfig */;
			buildSettings = {
				ALWAYS_EMBED_SWIFT_STANDARD_LIBRARIES = YES;
				ASSETCATALOG_COMPILER_APPICON_NAME = AppIcon;
				INFOPLIST_FILE = DemoTabbedApplication/Info.plist;
				LD_RUNPATH_SEARCH_PATHS = "$(inherited) @executable_path/Frameworks";
				PRODUCT_BUNDLE_IDENTIFIER = com.4d.DemoTabbedApplication;
				PRODUCT_NAME = "$(TARGET_NAME)";
				SWIFT_VERSION = 3.0;
			};
			name = Debug;
		};
		485CCDD21E79836800CDB2B3 /* Release */ = {
			isa = XCBuildConfiguration;
			baseConfigurationReference = DFA62FA9874A8CF9C95AA524 /* Pods-DemoTabbedApplication.release.xcconfig */;
			buildSettings = {
				ALWAYS_EMBED_SWIFT_STANDARD_LIBRARIES = YES;
				ASSETCATALOG_COMPILER_APPICON_NAME = AppIcon;
				INFOPLIST_FILE = DemoTabbedApplication/Info.plist;
				LD_RUNPATH_SEARCH_PATHS = "$(inherited) @executable_path/Frameworks";
				PRODUCT_BUNDLE_IDENTIFIER = com.4d.DemoTabbedApplication;
				PRODUCT_NAME = "$(TARGET_NAME)";
				SWIFT_VERSION = 3.0;
			};
			name = Release;
		};
		487559F01E9F7DE8005D3F8F /* Debug */ = {
			isa = XCBuildConfiguration;
			buildSettings = {
				CLANG_ANALYZER_NUMBER_OBJECT_CONVERSION = YES_AGGRESSIVE;
				CODE_SIGN_IDENTITY = "";
				CURRENT_PROJECT_VERSION = 1;
				DEFINES_MODULE = YES;
				DYLIB_COMPATIBILITY_VERSION = 1;
				DYLIB_CURRENT_VERSION = 1;
				DYLIB_INSTALL_NAME_BASE = "@rpath";
				INFOPLIST_FILE = IB/Info.plist;
				INSTALL_PATH = "$(LOCAL_LIBRARY_DIR)/Frameworks";
				IPHONEOS_DEPLOYMENT_TARGET = 10.3;
				LD_RUNPATH_SEARCH_PATHS = "$(inherited) @executable_path/Frameworks @loader_path/Frameworks";
				PRODUCT_BUNDLE_IDENTIFIER = fr.phimage.IB;
				PRODUCT_NAME = "$(TARGET_NAME)";
				SKIP_INSTALL = YES;
				SWIFT_VERSION = 3.0;
				VERSIONING_SYSTEM = "apple-generic";
				VERSION_INFO_PREFIX = "";
			};
			name = Debug;
		};
		487559F11E9F7DE8005D3F8F /* Release */ = {
			isa = XCBuildConfiguration;
			buildSettings = {
				CLANG_ANALYZER_NUMBER_OBJECT_CONVERSION = YES_AGGRESSIVE;
				CODE_SIGN_IDENTITY = "";
				CURRENT_PROJECT_VERSION = 1;
				DEFINES_MODULE = YES;
				DYLIB_COMPATIBILITY_VERSION = 1;
				DYLIB_CURRENT_VERSION = 1;
				DYLIB_INSTALL_NAME_BASE = "@rpath";
				INFOPLIST_FILE = IB/Info.plist;
				INSTALL_PATH = "$(LOCAL_LIBRARY_DIR)/Frameworks";
				IPHONEOS_DEPLOYMENT_TARGET = 10.3;
				LD_RUNPATH_SEARCH_PATHS = "$(inherited) @executable_path/Frameworks @loader_path/Frameworks";
				PRODUCT_BUNDLE_IDENTIFIER = fr.phimage.IB;
				PRODUCT_NAME = "$(TARGET_NAME)";
				SKIP_INSTALL = YES;
				SWIFT_VERSION = 3.0;
				VERSIONING_SYSTEM = "apple-generic";
				VERSION_INFO_PREFIX = "";
			};
			name = Release;
		};
/* End XCBuildConfiguration section */

/* Begin XCConfigurationList section */
		485CCDB71E79836800CDB2B3 /* Build configuration list for PBXProject "DemoTabbedApplication" */ = {
			isa = XCConfigurationList;
			buildConfigurations = (
				485CCDCE1E79836800CDB2B3 /* Debug */,
				485CCDCF1E79836800CDB2B3 /* Release */,
			);
			defaultConfigurationIsVisible = 0;
			defaultConfigurationName = Release;
		};
		485CCDD01E79836800CDB2B3 /* Build configuration list for PBXNativeTarget "DemoTabbedApplication" */ = {
			isa = XCConfigurationList;
			buildConfigurations = (
				485CCDD11E79836800CDB2B3 /* Debug */,
				485CCDD21E79836800CDB2B3 /* Release */,
			);
			defaultConfigurationIsVisible = 0;
			defaultConfigurationName = Release;
		};
		487559EF1E9F7DE8005D3F8F /* Build configuration list for PBXNativeTarget "IB" */ = {
			isa = XCConfigurationList;
			buildConfigurations = (
				487559F01E9F7DE8005D3F8F /* Debug */,
				487559F11E9F7DE8005D3F8F /* Release */,
			);
			defaultConfigurationIsVisible = 0;
			defaultConfigurationName = Release;
		};
/* End XCConfigurationList section */

/* Begin XCVersionGroup section */
		48A041DC1E79865F0098A54C /* DemoTabbedApplication.xcdatamodeld */ = {
			isa = XCVersionGroup;
			children = (
				48A041DD1E79865F0098A54C /* DemoTabbedApplication.xcdatamodel */,
			);
			currentVersion = 48A041DD1E79865F0098A54C /* DemoTabbedApplication.xcdatamodel */;
			path = DemoTabbedApplication.xcdatamodeld;
			sourceTree = "<group>";
			versionGroupType = wrapper.xcdatamodel;
		};
/* End XCVersionGroup section */
	};
	rootObject = 485CCDB41E79836800CDB2B3 /* Project object */;
}
