{
  "object": {
    "pins": [
      {
        "package": "Alamofire",
        "repositoryURL": "https://github.com/Alamofire/Alamofire.git",
        "state": {
          "branch": "HEAD",
          "revision": "e61de31dd38ec5b9f2e42b74b8aa4fa6f2ba67b0",
          "version": null
        }
      },
      {
        "package": "BrightFutures",
        "repositoryURL": "https://github.com/Thomvis/BrightFutures.git",
        "state": {
          "branch": null,
          "revision": "9279defa6bdc21501ce740266e5a14d0119ddc63",
          "version": "8.0.1"
        }
      },
      {
        "package": "CallbackURLKit",
        "repositoryURL": "https://github.com/phimage/CallbackURLKit.git",
        "state": {
          "branch": "HEAD",
          "revision": "736aece485957c4846db97bb882165e1e394adf0",
          "version": null
        }
      },
      {
        "package": "CwlCatchException",
        "repositoryURL": "https://github.com/mattgallagher/CwlCatchException.git",
        "state": {
          "branch": null,
          "revision": "7cd2f8cacc4d22f21bc0b2309c3b18acf7957b66",
          "version": "1.2.0"
        }
      },
      {
        "package": "CwlPreconditionTesting",
        "repositoryURL": "https://github.com/mattgallagher/CwlPreconditionTesting.git",
        "state": {
          "branch": null,
          "revision": "c228db5d2ad1b01ebc84435e823e6cca4e3db98b",
          "version": "1.2.0"
        }
      },
      {
        "package": "DeviceKit",
        "repositoryURL": "https://github.com/devicekit/DeviceKit.git",
        "state": {
          "branch": null,
          "revision": "24fbc1daad4ab1cd26433add46b6480af018b017",
          "version": "2.1.0"
        }
      },
      {
        "package": "FileKit",
        "repositoryURL": "https://github.com/nvzqz/FileKit.git",
        "state": {
          "branch": null,
          "revision": "826d9161b184509f80d85c28cd612d630646de98",
          "version": "6.0.0"
        }
      },
      {
        "package": "Guitar",
        "repositoryURL": "https://github.com/ArtSabintsev/Guitar.git",
        "state": {
          "branch": null,
          "revision": "b67cc9d31162588df3ef7c8659d3ddda32d3e851",
          "version": "1.0.2"
        }
      },
      {
        "package": "MomXML",
        "repositoryURL": "https://github.com/phimage/MomXML.git",
        "state": {
          "branch": "HEAD",
          "revision": "f5b77798de0c9003f43e67bcd2406ccf37df3b4c",
          "version": null
        }
      },
      {
        "package": "Moya",
        "repositoryURL": "https://github.com/Moya/Moya.git",
        "state": {
          "branch": "HEAD",
          "revision": "cdef4ea7ecb7818491c5b710a718077d9513dcbd",
          "version": null
        }
      },
      {
        "package": "Nimble",
        "repositoryURL": "https://github.com/Quick/Nimble.git",
        "state": {
          "branch": null,
          "revision": "6abeb3f5c03beba2b9e4dbe20886e773b5b629b6",
          "version": "8.0.4"
        }
      },
      {
        "package": "Prephirences",
        "repositoryURL": "https://github.com/phimage/Prephirences.git",
        "state": {
          "branch": "HEAD",
          "revision": "2ddd058050b22dc64f4b88a137aabb31fa3cc552",
          "version": null
        }
      },
      {
        "package": "QMobileAPI",
        "repositoryURL": "http://srv-git:3000/qmobile/QMobileAPI.git",
        "state": {
          "branch": "HEAD",
          "revision": "d0c50572ce9a37588f8b8a1906e4c03911b1faff",
          "version": null
        }
      },
      {
        "package": "QMobileDataStore",
        "repositoryURL": "http://srv-git:3000/qmobile/QMobileDataStore.git",
        "state": {
          "branch": "HEAD",
          "revision": "a73c5fed8f3dbd99805d60b1f9ad00b6dfac0600",
          "version": null
        }
      },
      {
        "package": "QMobileDataSync",
        "repositoryURL": "http://srv-git:3000/qmobile/QMobileDataSync.git",
        "state": {
          "branch": "HEAD",
          "revision": "89a62e6403d9b58d7fe81dd453d73a17f9116aa4",
          "version": null
        }
      },
      {
        "package": "Quick",
        "repositoryURL": "https://github.com/Quick/Quick.git",
        "state": {
          "branch": null,
          "revision": "94df9b449508344667e5afc7e80f8bcbff1e4c37",
          "version": "2.1.0"
        }
      },
      {
        "package": "ReactiveSwift",
        "repositoryURL": "https://github.com/ReactiveCocoa/ReactiveSwift.git",
        "state": {
          "branch": null,
          "revision": "c37950dc5020544c58d4bf47c0d028893686b9e6",
          "version": "5.0.1"
        }
      },
      {
        "package": "Result",
        "repositoryURL": "https://github.com/antitypical/Result.git",
        "state": {
          "branch": null,
          "revision": "2ca499ba456795616fbc471561ff1d963e6ae160",
          "version": "4.1.0"
        }
      },
      {
        "package": "RxSwift",
        "repositoryURL": "https://github.com/ReactiveX/RxSwift.git",
        "state": {
          "branch": null,
          "revision": "cce95dd704bc08cd3d69c087a05a6fc3118e2722",
          "version": "4.5.0"
        }
      },
      {
        "package": "SwiftyJSON",
        "repositoryURL": "https://github.com/SwiftyJSON/SwiftyJSON.git",
        "state": {
          "branch": null,
          "revision": "2b6054efa051565954e1d2b9da831680026cd768",
          "version": "5.0.0"
        }
      },
      {
        "package": "SWXMLHash",
        "repositoryURL": "https://github.com/drmohundro/SWXMLHash.git",
        "state": {
          "branch": null,
          "revision": "f43166a8e18fdd0857f29e303b1bb79a5428bca0",
          "version": "4.9.0"
        }
      },
      {
        "package": "XCGLogger",
        "repositoryURL": "https://github.com/DaveWoodCom/XCGLogger.git",
        "state": {
          "branch": null,
          "revision": "f0daefd2a472f0c8d3d12a4b0d45594195a6c74d",
          "version": "7.0.0"
        }
      },
      {
        "package": "ZIPFoundation",
        "repositoryURL": "https://github.com/weichsel/ZIPFoundation.git",
        "state": {
          "branch": null,
          "revision": "edbeaa39b426e54702194b0a601342322f01e400",
          "version": "0.9.9"
        }
      }
    ]
  },
  "version": 1
}
