PODS:
  - Kingfisher (3.6.1)
  - Prephirences (3.0.1):
    - Prephirences/Core (= 3.0.1)
    - Prephirences/Keys (= 3.0.1)
  - Prephirences/Core (3.0.1)
  - Prephirences/Keys (3.0.1):
    - Prephirences/Core
  - QMobileDataStore (0.0.1):
    - Prephirences
    - Result
    - XCGLogger
  - Result (3.2.1)
  - XCGLogger (4.0.0):
    - XCGLogger/Core (= 4.0.0)
  - XCGLogger/Core (4.0.0)

DEPENDENCIES:
  - Kingfisher
  - QMobileDataStore (from `../QMobileDataStore`)
  - XCGLogger (~> 4.0.0)

EXTERNAL SOURCES:
  QMobileDataStore:
    :path: ../QMobileDataStore

SPEC CHECKSUMS:
  Kingfisher: 2f31cb75f3e98d3d4c406cbdcd9b263e956cfa67
  Prephirences: d0ec0bd6047edb3370364345857a769aaf3db312
  QMobileDataStore: 738a7de21874d6af5e3441b2de60c5cf66d6d5d6
  Result: 2453a22e5c5b11c0c3a478736e82cd02f763b781
  XCGLogger: 38063ea89b4c8b23232d18efd2e12eb0005f3ea4

PODFILE CHECKSUM: a8c91c440cb8b46ded3f844605f525197e74b56a

COCOAPODS: 1.2.0
