PODS:
  - Alamofire (4.6.0)
  - AnimatedCollectionViewLayout (0.3.0)
  - BrightFutures (6.0.0):
    - Result (~> 3.2.4)
  - CallbackURLKit (2.0.0):
    - CallbackURLKit/Core (= 2.0.0)
  - CallbackURLKit/Core (2.0.0)
  - DeviceKit (1.5.0)
  - FileKit (5.0.0)
  - Guitar (0.3.0)
  - IBAnimatable (5.0.0)
  - Kingfisher (4.6.1)
  - LinearProgressBarMaterial (1.3)
  - Moya (10.0.2):
    - Moya/Core (= 10.0.2)
  - Moya/Core (10.0.2):
    - Alamofire (~> 4.1)
    - Result (~> 3.0)
  - NSLogger (1.8.3):
    - NSLogger/ObjC (= 1.8.3)
  - NSLogger/ObjC (1.8.3)
  - ObjcExceptionBridging (1.0.1):
    - ObjcExceptionBridging/ObjcExceptionBridging (= 1.0.1)
  - ObjcExceptionBridging/ObjcExceptionBridging (1.0.1)
  - PinpointKit/ScreenshotDetector (1.1.0)
  - Prephirences (4.0.0):
    - Prephirences/Core (= 4.0.0)
    - Prephirences/Keys (= 4.0.0)
  - Prephirences/Core (4.0.0)
  - Prephirences/Keys (4.0.0):
    - Prephirences/Core
  - QMobileAPI (0.1.0):
    - DeviceKit
    - Moya
    - Prephirences
    - SwiftyJSON
    - XCGLogger
  - QMobileDataStore (0.0.1):
    - Prephirences
    - Result
    - XCGLogger
  - QMobileDataSync (0.0.1):
    - BrightFutures
    - FileKit
    - Prephirences
    - QMobileAPI
    - QMobileDataStore
    - XCGLogger
  - QMobileUI (0.0.1):
    - CallbackURLKit
    - Guitar
    - IBAnimatable
    - Kingfisher
    - QMobileDataStore
    - QMobileDataSync
    - SwiftMessages
    - ValueTransformerKit
    - XCGLogger
  - Result (3.2.4)
  - SideMenu (3.1.5)
  - SwiftMessages (4.1.0)
  - SwiftyJSON (4.0.0)
  - TRMosaicLayout (1.0.0)
  - ValueTransformerKit (1.0.0)
  - XCGLogger (6.0.2):
    - XCGLogger/Core (= 6.0.2)
  - XCGLogger/Core (6.0.2):
    - ObjcExceptionBridging
  - XCGLogger/UserInfoHelpers (6.0.2):
    - XCGLogger/Core
  - XCGLoggerNSLoggerConnector (0.3.2):
    - NSLogger (>= 1.5)
    - XCGLogger (>= 4.0)

DEPENDENCIES:
  - AnimatedCollectionViewLayout
  - BrightFutures
  - FileKit
  - Guitar (from `https://github.com/ArtSabintsev/Guitar.git`)
  - IBAnimatable
  - Kingfisher
  - LinearProgressBarMaterial
  - NSLogger
  - PinpointKit/ScreenshotDetector
  - QMobileAPI (from `../../../QMobileAPI`)
  - QMobileDataStore (from `../../../QMobileDataStore`)
  - QMobileDataSync (from `../../../QMobileDataSync`)
  - QMobileUI (from `../../`)
  - SideMenu
  - SwiftMessages
  - SwiftyJSON
  - TRMosaicLayout
  - ValueTransformerKit
  - XCGLogger/UserInfoHelpers
  - XCGLoggerNSLoggerConnector

EXTERNAL SOURCES:
  Guitar:
    :git: https://github.com/ArtSabintsev/Guitar.git
  QMobileAPI:
    :path: ../../../QMobileAPI
  QMobileDataStore:
    :path: ../../../QMobileDataStore
  QMobileDataSync:
    :path: ../../../QMobileDataSync
  QMobileUI:
    :path: ../../

CHECKOUT OPTIONS:
  Guitar:
    :commit: d88afd48e8793d66f4609db98710b679ce039341
    :git: https://github.com/ArtSabintsev/Guitar.git

SPEC CHECKSUMS:
  Alamofire: f41a599bd63041760b26d393ec1069d9d7b917f4
  AnimatedCollectionViewLayout: 504b992a4258eb39d2dd2b2b48e84b4b95860fd7
  BrightFutures: 9e7604f511aed9f0d6a49b04ac9b3fca6b117758
  CallbackURLKit: eebcf4ecbb70dc8c970f9fcf1ff70162c5ea0965
  DeviceKit: 883552d64028056216e913a88f892e7e29678e75
  FileKit: 857f5f9d2583044c1354e7564b110d80f31405e8
  Guitar: 661b1bb2620242ef35bd97b72047b95f48c716cd
  IBAnimatable: aa2286a9cf8fb4ae2e1be85c5287ae56143b024f
  Kingfisher: 1f9157d9c02b380cbd0b7cc890161195164eb634
  LinearProgressBarMaterial: 84df3135c27a0fc5e0219da10ee98304de159b06
  Moya: 2b0531a9fef318e0bc484030c3db1e6f279ccb66
  NSLogger: c9b80dbeee1d65eb553647a1f6f1f72171b04808
  ObjcExceptionBridging: c30e00eb3700467e695faeea30e26e18bd445001
  PinpointKit: b444d66d8b10420c1ffc22c176dee37c1c12b4e7
  Prephirences: d3f1d1db3959640f754d7c75325dccf78722cd12
  QMobileAPI: bd9eecd1aba82ec4f56632498719bc70e0ac9f05
  QMobileDataStore: 738a7de21874d6af5e3441b2de60c5cf66d6d5d6
  QMobileDataSync: d6d1ed920f50b49eb510f6e21be7facbf9cdaa2a
  QMobileUI: 7f52eddb02f86909d5cacbe7a6d69498a3ff8ee6
  Result: d2d07204ce72856f1fd9130bbe42c35a7b0fea10
  SideMenu: 47dbf9e4d878062d8994aed43f6e4bf6c1fea30b
  SwiftMessages: 1bacc783c8f10bdfdc57c14860cae8a1f1fa6591
  SwiftyJSON: 070dabdcb1beb81b247c65ffa3a79dbbfb3b48aa
  TRMosaicLayout: 1875505c48dd2877afd69a8bea7b4c1c63afa5b5
  ValueTransformerKit: 6157eae6e0522492d269ebebe980499086009dab
  XCGLogger: c9601cae9a8912de34a58666ba931ed3d624dd31
  XCGLoggerNSLoggerConnector: e13ec54445594d87f4a938fd6c2a6672cd0b4b85

PODFILE CHECKSUM: 4f117e49112e6a3539ad7d717569579396838acb

COCOAPODS: 1.3.1
