PODS:
  - Alamofire (4.5.1)
  - AZDialogView (1.1.4)
  - BrightFutures (5.2.0):
    - Result (~> 3.2)
  - CallbackURLKit (1.0.1):
    - CallbackURLKit/Core (= 1.0.1)
  - CallbackURLKit/Core (1.0.1)
  - DeviceKit (1.2.3)
  - FileKit (4.0.1)
  - Guitar (0.2.0)
  - IBAnimatable (4.1.0)
  - Kingfisher (3.13.0)
  - LinearProgressBarMaterial (1.2)
  - Moya (9.0.0):
    - Moya/Core (= 9.0.0)
  - Moya/Core (9.0.0):
    - Alamofire (~> 4.1)
    - Result (~> 3.0)
  - NSLogger (1.8.3):
    - NSLogger/ObjC (= 1.8.3)
  - NSLogger/ObjC (1.8.3)
  - ObjcExceptionBridging (1.0.1):
    - ObjcExceptionBridging/ObjcExceptionBridging (= 1.0.1)
  - ObjcExceptionBridging/ObjcExceptionBridging (1.0.1)
  - PinpointKit/ScreenshotDetector (1.0.0)
  - Prephirences (3.0.2):
    - Prephirences/Core (= 3.0.2)
    - Prephirences/Keys (= 3.0.2)
  - Prephirences/Core (3.0.2)
  - Prephirences/Keys (3.0.2):
    - Prephirences/Core
  - QMobileAPI (0.1.0):
    - DeviceKit
    - Moya
    - Prephirences
    - SwiftyJSON
    - XCGLogger
  - QMobileDataStore (0.0.1):
    - Prephirences
    - Result
    - XCGLogger
  - QMobileDataSync (0.0.1):
    - BrightFutures
    - FileKit
    - Prephirences
    - QMobileAPI
    - QMobileDataStore
    - XCGLogger
  - QMobileUI (0.0.1):
    - CallbackURLKit
    - Guitar
    - Kingfisher
    - QMobileDataStore
    - QMobileDataSync
    - SwiftMessages
    - ValueTransformerKit
    - XCGLogger
  - RandomKit (5.2.3):
    - ShiftOperations (~> 1.0.2)
    - Threadly (~> 1.0)
  - Result (3.2.3)
  - ShiftOperations (1.0.2)
  - StyleKit (0.5.0)
  - SwiftMessages (3.5.0)
  - SwiftyJSON (3.1.4)
  - Threadly (1.2.0)
  - ValueTransformerKit (0.0.1)
  - Watchdog (3.0)
  - XCGLogger (5.0.1):
    - XCGLogger/Core (= 5.0.1)
  - XCGLogger/Core (5.0.1):
    - ObjcExceptionBridging
  - XCGLogger/UserInfoHelpers (5.0.1):
    - XCGLogger/Core
  - XCGLoggerNSLoggerConnector (0.3.2):
    - NSLogger (>= 1.5)
    - XCGLogger (>= 4.0)

DEPENDENCIES:
  - AZDialogView
  - BrightFutures
  - Guitar
  - IBAnimatable
  - Kingfisher
  - LinearProgressBarMaterial
  - NSLogger
  - PinpointKit/ScreenshotDetector
  - QMobileAPI (from `../../../QMobileAPI`)
  - QMobileDataStore (from `../../../QMobileDataStore`)
  - QMobileDataSync (from `../../../QMobileDataSync`)
  - QMobileUI (from `../../`)
  - RandomKit
  - StyleKit (from `https://github.com/146BC/StyleKit.git`, branch `develop`)
  - SwiftMessages
  - SwiftyJSON
  - ValueTransformerKit
  - Watchdog
  - XCGLogger/UserInfoHelpers
  - XCGLoggerNSLoggerConnector

EXTERNAL SOURCES:
  QMobileAPI:
    :path: ../../../QMobileAPI
  QMobileDataStore:
    :path: ../../../QMobileDataStore
  QMobileDataSync:
    :path: ../../../QMobileDataSync
  QMobileUI:
    :path: ../../
  StyleKit:
    :branch: develop
    :git: https://github.com/146BC/StyleKit.git

CHECKOUT OPTIONS:
  StyleKit:
    :commit: 69a96e20e543babf30efee70722c6c1155c1eafd
    :git: https://github.com/146BC/StyleKit.git

SPEC CHECKSUMS:
  Alamofire: 2d95912bf4c34f164fdfc335872e8c312acaea4a
  AZDialogView: 7c88868e074d32203c9512b6a63cd74fb9a2090e
  BrightFutures: 8681dbb9fa831b69b6e7dc4a498b9e081d5daeb5
  CallbackURLKit: c7f1b649a717541e8beea180d286ecc30f85f302
  DeviceKit: f33cbc6e67d9bb416e42dedc647557c7c2f6d3d7
  FileKit: 1ea916f594bc0bb9a3951f80edf92b52bb7f883c
  Guitar: 8e6f0858a4bcd5d380408f26e93724ba99aea8e1
  IBAnimatable: 0fd2c9fd38c4798d71bcc18dbd87d473a7df2577
  Kingfisher: 7eebf6000ac64401839f10da37f21eefa7d88970
  LinearProgressBarMaterial: f025b1ec6ecd08bcd4dfc6fecba4fb263d8a545b
  Moya: cf5e6ee93af526532f92614004b8ad2ea60fd845
  NSLogger: c9b80dbeee1d65eb553647a1f6f1f72171b04808
  ObjcExceptionBridging: c30e00eb3700467e695faeea30e26e18bd445001
  PinpointKit: fd9421e22c6567f2bec16d1f39fc70a3fce5df87
  Prephirences: 221058c335f48945c4f2049d2b54d333a9bddc21
  QMobileAPI: bd9eecd1aba82ec4f56632498719bc70e0ac9f05
  QMobileDataStore: 738a7de21874d6af5e3441b2de60c5cf66d6d5d6
  QMobileDataSync: d6d1ed920f50b49eb510f6e21be7facbf9cdaa2a
  QMobileUI: 7442df3bf333522ca27f9262f279fca6bcc549dd
  RandomKit: 380745911c4f7989707489b2ce297194bfcf5031
  Result: 128640a6347e8d2ae48b142556739a2d13f90ce6
  ShiftOperations: 702c9aa98d3b20d98dceb71dd8437b562f7ab3ad
  StyleKit: d3618efe49e678fb9249ae0851d4e2f621251b6f
  SwiftMessages: 323c2847255ebf380f01b95ad1121a750be4d117
  SwiftyJSON: c2842d878f95482ffceec5709abc3d05680c0220
  Threadly: b772ed7c1ff4a3f03eb4600bbc5ef83b3be5cb29
  ValueTransformerKit: 4f4ef5383455fde5d01076dfb7016fb5c4874899
  Watchdog: 141185b6b3a332a9f5721ea42dfa9681cf2d7c6b
  XCGLogger: 0b43697155d41e4a1b15fc776f319c2141646b09
  XCGLoggerNSLoggerConnector: e13ec54445594d87f4a938fd6c2a6672cd0b4b85

PODFILE CHECKSUM: 80e9fa95e06355fd6299c31609515e5805f8f647

COCOAPODS: 1.2.0
